// !$*UTF8*$!
{
	archiveVersion = 1;
	classes = {
	};
	objectVersion = 56;
	objects = {

/* Begin PBXBuildFile section */
		8EA517802C6DB0FB0029A356 /* AppDelegate.swift in Sources */ = {isa = PBXBuildFile; fileRef = 8EA5177F2C6DB0FB0029A356 /* AppDelegate.swift */; };
		8EA517822C6DB0FB0029A356 /* SceneDelegate.swift in Sources */ = {isa = PBXBuildFile; fileRef = 8EA517812C6DB0FB0029A356 /* SceneDelegate.swift */; };
		8EA517842C6DB0FB0029A356 /* ViewController.swift in Sources */ = {isa = PBXBuildFile; fileRef = 8EA517832C6DB0FB0029A356 /* ViewController.swift */; };
		8EA517892C6DB0FD0029A356 /* Assets.xcassets in Resources */ = {isa = PBXBuildFile; fileRef = 8EA517882C6DB0FD0029A356 /* Assets.xcassets */; };
		8EA5178C2C6DB0FD0029A356 /* Base in Resources */ = {isa = PBXBuildFile; fileRef = 8EA5178B2C6DB0FD0029A356 /* Base */; };
		8EA517982C6DB99E0029A356 /* .gitignore in Resources */ = {isa = PBXBuildFile; fileRef = 8EA517972C6DB99E0029A356 /* .gitignore */; };
		8EA5179A2C6DBA550029A356 /* .gitmessage.txt in Resources */ = {isa = PBXBuildFile; fileRef = 8EA517992C6DBA550029A356 /* .gitmessage.txt */; };
		8EA5179E2C6DBEEA0029A356 /* Secret.swift in Sources */ = {isa = PBXBuildFile; fileRef = 8EA5179D2C6DBEEA0029A356 /* Secret.swift */; };
		8EA517A12C6DD04F0029A356 /* RxMoya in Frameworks */ = {isa = PBXBuildFile; productRef = 8EA517A02C6DD04F0029A356 /* RxMoya */; };
		8EA517A42C6DDA680029A356 /* Kingfisher in Frameworks */ = {isa = PBXBuildFile; productRef = 8EA517A32C6DDA680029A356 /* Kingfisher */; };
		8EA517A72C6DDAB50029A356 /* Neat in Frameworks */ = {isa = PBXBuildFile; productRef = 8EA517A62C6DDAB50029A356 /* Neat */; };
		8EA517AA2C6DEF7C0029A356 /* AuthTarget.swift in Sources */ = {isa = PBXBuildFile; fileRef = 8EA517A92C6DEF7C0029A356 /* AuthTarget.swift */; };
		8EA517AC2C6DEFF90029A356 /* TargetProvider.swift in Sources */ = {isa = PBXBuildFile; fileRef = 8EA517AB2C6DEFF90029A356 /* TargetProvider.swift */; };
		BE98C0902C6F4B610058D3FA /* LoginRequest.swift in Sources */ = {isa = PBXBuildFile; fileRef = BE98C08F2C6F4B610058D3FA /* LoginRequest.swift */; };
		BE98C0922C6F4C4C0058D3FA /* RequestProvider.swift in Sources */ = {isa = PBXBuildFile; fileRef = BE98C0912C6F4C4C0058D3FA /* RequestProvider.swift */; };
		BE98C0942C6F4C620058D3FA /* JoinRequest.swift in Sources */ = {isa = PBXBuildFile; fileRef = BE98C0932C6F4C620058D3FA /* JoinRequest.swift */; };
		BE98C0962C6F4EB80058D3FA /* BackEndTargetType.swift in Sources */ = {isa = PBXBuildFile; fileRef = BE98C0952C6F4EB80058D3FA /* BackEndTargetType.swift */; };
		BE98C0982C6F4F2B0058D3FA /* EmailRequest.swift in Sources */ = {isa = PBXBuildFile; fileRef = BE98C0972C6F4F2B0058D3FA /* EmailRequest.swift */; };
		BE98C09A2C6F50120058D3FA /* RefreshTokenRequest.swift in Sources */ = {isa = PBXBuildFile; fileRef = BE98C0992C6F50120058D3FA /* RefreshTokenRequest.swift */; };
		BE98C09C2C6F55C00058D3FA /* WithDrawRequest.swift in Sources */ = {isa = PBXBuildFile; fileRef = BE98C09B2C6F55BF0058D3FA /* WithDrawRequest.swift */; };
		BE98C0A42C6F57600058D3FA /* AuthTargetTests.swift in Sources */ = {isa = PBXBuildFile; fileRef = BE98C0A32C6F57600058D3FA /* AuthTargetTests.swift */; };
/* End PBXBuildFile section */

/* Begin PBXContainerItemProxy section */
		BE98C0A52C6F57600058D3FA /* PBXContainerItemProxy */ = {
			isa = PBXContainerItemProxy;
			containerPortal = 8EA517742C6DB0FB0029A356 /* Project object */;
			proxyType = 1;
			remoteGlobalIDString = 8EA5177B2C6DB0FB0029A356;
			remoteInfo = Coin;
		};
/* End PBXContainerItemProxy section */

/* Begin PBXCopyFilesBuildPhase section */
		BE98C0C72C70B4760058D3FA /* Embed Frameworks */ = {
			isa = PBXCopyFilesBuildPhase;
			buildActionMask = 2147483647;
			dstPath = "";
			dstSubfolderSpec = 10;
			files = (
			);
			name = "Embed Frameworks";
			runOnlyForDeploymentPostprocessing = 0;
		};
/* End PBXCopyFilesBuildPhase section */

/* Begin PBXFileReference section */
		8EA5177C2C6DB0FB0029A356 /* Coin.app */ = {isa = PBXFileReference; explicitFileType = wrapper.application; includeInIndex = 0; path = Coin.app; sourceTree = BUILT_PRODUCTS_DIR; };
		8EA5177F2C6DB0FB0029A356 /* AppDelegate.swift */ = {isa = PBXFileReference; lastKnownFileType = sourcecode.swift; path = AppDelegate.swift; sourceTree = "<group>"; };
		8EA517812C6DB0FB0029A356 /* SceneDelegate.swift */ = {isa = PBXFileReference; lastKnownFileType = sourcecode.swift; path = SceneDelegate.swift; sourceTree = "<group>"; };
		8EA517832C6DB0FB0029A356 /* ViewController.swift */ = {isa = PBXFileReference; lastKnownFileType = sourcecode.swift; path = ViewController.swift; sourceTree = "<group>"; };
		8EA517882C6DB0FD0029A356 /* Assets.xcassets */ = {isa = PBXFileReference; lastKnownFileType = folder.assetcatalog; path = Assets.xcassets; sourceTree = "<group>"; };
		8EA5178B2C6DB0FD0029A356 /* Base */ = {isa = PBXFileReference; lastKnownFileType = file.storyboard; name = Base; path = Base.lproj/LaunchScreen.storyboard; sourceTree = "<group>"; };
		8EA5178D2C6DB0FD0029A356 /* Info.plist */ = {isa = PBXFileReference; lastKnownFileType = text.plist.xml; path = Info.plist; sourceTree = "<group>"; };
		8EA517972C6DB99E0029A356 /* .gitignore */ = {isa = PBXFileReference; lastKnownFileType = text; path = .gitignore; sourceTree = "<group>"; };
		8EA517992C6DBA550029A356 /* .gitmessage.txt */ = {isa = PBXFileReference; lastKnownFileType = text; path = .gitmessage.txt; sourceTree = "<group>"; };
		8EA5179B2C6DBBE90029A356 /* Secret.xcconfig */ = {isa = PBXFileReference; lastKnownFileType = text.xcconfig; path = Secret.xcconfig; sourceTree = "<group>"; };
		8EA5179D2C6DBEEA0029A356 /* Secret.swift */ = {isa = PBXFileReference; lastKnownFileType = sourcecode.swift; path = Secret.swift; sourceTree = "<group>"; };
		8EA517A92C6DEF7C0029A356 /* AuthTarget.swift */ = {isa = PBXFileReference; lastKnownFileType = sourcecode.swift; path = AuthTarget.swift; sourceTree = "<group>"; };
		8EA517AB2C6DEFF90029A356 /* TargetProvider.swift */ = {isa = PBXFileReference; lastKnownFileType = sourcecode.swift; path = TargetProvider.swift; sourceTree = "<group>"; };
		BE98C08F2C6F4B610058D3FA /* LoginRequest.swift */ = {isa = PBXFileReference; lastKnownFileType = sourcecode.swift; path = LoginRequest.swift; sourceTree = "<group>"; };
		BE98C0912C6F4C4C0058D3FA /* RequestProvider.swift */ = {isa = PBXFileReference; lastKnownFileType = sourcecode.swift; path = RequestProvider.swift; sourceTree = "<group>"; };
		BE98C0932C6F4C620058D3FA /* JoinRequest.swift */ = {isa = PBXFileReference; lastKnownFileType = sourcecode.swift; path = JoinRequest.swift; sourceTree = "<group>"; };
		BE98C0952C6F4EB80058D3FA /* BackEndTargetType.swift */ = {isa = PBXFileReference; lastKnownFileType = sourcecode.swift; path = BackEndTargetType.swift; sourceTree = "<group>"; };
		BE98C0972C6F4F2B0058D3FA /* EmailRequest.swift */ = {isa = PBXFileReference; lastKnownFileType = sourcecode.swift; path = EmailRequest.swift; sourceTree = "<group>"; };
		BE98C0992C6F50120058D3FA /* RefreshTokenRequest.swift */ = {isa = PBXFileReference; lastKnownFileType = sourcecode.swift; path = RefreshTokenRequest.swift; sourceTree = "<group>"; };
		BE98C09B2C6F55BF0058D3FA /* WithDrawRequest.swift */ = {isa = PBXFileReference; lastKnownFileType = sourcecode.swift; path = WithDrawRequest.swift; sourceTree = "<group>"; };
		BE98C0A12C6F57600058D3FA /* CoinTests.xctest */ = {isa = PBXFileReference; explicitFileType = wrapper.cfbundle; includeInIndex = 0; path = CoinTests.xctest; sourceTree = BUILT_PRODUCTS_DIR; };
		BE98C0A32C6F57600058D3FA /* AuthTargetTests.swift */ = {isa = PBXFileReference; lastKnownFileType = sourcecode.swift; path = AuthTargetTests.swift; sourceTree = "<group>"; };
/* End PBXFileReference section */

/* Begin PBXFrameworksBuildPhase section */
		8EA517792C6DB0FB0029A356 /* Frameworks */ = {
			isa = PBXFrameworksBuildPhase;
			buildActionMask = 2147483647;
			files = (
				8EA517A72C6DDAB50029A356 /* Neat in Frameworks */,
				8EA517A42C6DDA680029A356 /* Kingfisher in Frameworks */,
				8EA517A12C6DD04F0029A356 /* RxMoya in Frameworks */,
			);
			runOnlyForDeploymentPostprocessing = 0;
		};
		BE98C09E2C6F57600058D3FA /* Frameworks */ = {
			isa = PBXFrameworksBuildPhase;
			buildActionMask = 2147483647;
			files = (
			);
			runOnlyForDeploymentPostprocessing = 0;
		};
/* End PBXFrameworksBuildPhase section */

/* Begin PBXGroup section */
		8EA517732C6DB0FB0029A356 = {
			isa = PBXGroup;
			children = (
				8EA517972C6DB99E0029A356 /* .gitignore */,
				8EA517992C6DBA550029A356 /* .gitmessage.txt */,
				8EA5177E2C6DB0FB0029A356 /* Coin */,
				BE98C0A22C6F57600058D3FA /* CoinTests */,
				8EA5177D2C6DB0FB0029A356 /* Products */,
			);
			sourceTree = "<group>";
		};
		8EA5177D2C6DB0FB0029A356 /* Products */ = {
			isa = PBXGroup;
			children = (
				8EA5177C2C6DB0FB0029A356 /* Coin.app */,
				BE98C0A12C6F57600058D3FA /* CoinTests.xctest */,
			);
			name = Products;
			sourceTree = "<group>";
		};
		8EA5177E2C6DB0FB0029A356 /* Coin */ = {
			isa = PBXGroup;
			children = (
				8EA517942C6DB7A00029A356 /* Resources */,
				8EA517932C6DB79C0029A356 /* Sources */,
			);
			path = Coin;
			sourceTree = "<group>";
		};
		8EA517932C6DB79C0029A356 /* Sources */ = {
			isa = PBXGroup;
			children = (
				8EA517952C6DB7D50029A356 /* App */,
				BE98C08C2C6F4A870058D3FA /* Data */,
				BE98C08D2C6F4B540058D3FA /* Domain */,
				8EA5179C2C6DBEDC0029A356 /* Foundation */,
				8EA517962C6DB7EB0029A356 /* Presentation */,
			);
			path = Sources;
			sourceTree = "<group>";
		};
		8EA517942C6DB7A00029A356 /* Resources */ = {
			isa = PBXGroup;
			children = (
				8EA517882C6DB0FD0029A356 /* Assets.xcassets */,
				8EA5178A2C6DB0FD0029A356 /* LaunchScreen.storyboard */,
				8EA5178D2C6DB0FD0029A356 /* Info.plist */,
				8EA5179B2C6DBBE90029A356 /* Secret.xcconfig */,
			);
			path = Resources;
			sourceTree = "<group>";
		};
		8EA517952C6DB7D50029A356 /* App */ = {
			isa = PBXGroup;
			children = (
				8EA5177F2C6DB0FB0029A356 /* AppDelegate.swift */,
				8EA517812C6DB0FB0029A356 /* SceneDelegate.swift */,
			);
			path = App;
			sourceTree = "<group>";
		};
		8EA517962C6DB7EB0029A356 /* Presentation */ = {
			isa = PBXGroup;
			children = (
				8EA517832C6DB0FB0029A356 /* ViewController.swift */,
			);
			path = Presentation;
			sourceTree = "<group>";
		};
		8EA5179C2C6DBEDC0029A356 /* Foundation */ = {
			isa = PBXGroup;
			children = (
				8EA5179D2C6DBEEA0029A356 /* Secret.swift */,
			);
			path = Foundation;
			sourceTree = "<group>";
		};
		8EA517A82C6DE3E40029A356 /* Target */ = {
			isa = PBXGroup;
			children = (
				8EA517A92C6DEF7C0029A356 /* AuthTarget.swift */,
				8EA517AB2C6DEFF90029A356 /* TargetProvider.swift */,
				BE98C0952C6F4EB80058D3FA /* BackEndTargetType.swift */,
			);
			path = Target;
			sourceTree = "<group>";
		};
		BE98C08B2C6F4A7F0058D3FA /* Network */ = {
			isa = PBXGroup;
			children = (
				8EA517A82C6DE3E40029A356 /* Target */,
			);
			path = Network;
			sourceTree = "<group>";
		};
		BE98C08C2C6F4A870058D3FA /* Data */ = {
			isa = PBXGroup;
			children = (
				BE98C08B2C6F4A7F0058D3FA /* Network */,
			);
			path = Data;
			sourceTree = "<group>";
		};
		BE98C08D2C6F4B540058D3FA /* Domain */ = {
			isa = PBXGroup;
			children = (
				BE98C0912C6F4C4C0058D3FA /* RequestProvider.swift */,
				BE98C08E2C6F4B560058D3FA /* Request */,
			);
			path = Domain;
			sourceTree = "<group>";
		};
		BE98C08E2C6F4B560058D3FA /* Request */ = {
			isa = PBXGroup;
			children = (
				BE98C08F2C6F4B610058D3FA /* LoginRequest.swift */,
				BE98C0932C6F4C620058D3FA /* JoinRequest.swift */,
				BE98C0972C6F4F2B0058D3FA /* EmailRequest.swift */,
				BE98C0992C6F50120058D3FA /* RefreshTokenRequest.swift */,
				BE98C09B2C6F55BF0058D3FA /* WithDrawRequest.swift */,
			);
			path = Request;
			sourceTree = "<group>";
		};
		BE98C0A22C6F57600058D3FA /* CoinTests */ = {
			isa = PBXGroup;
			children = (
				BE98C0A32C6F57600058D3FA /* AuthTargetTests.swift */,
			);
			path = CoinTests;
			sourceTree = "<group>";
		};
/* End PBXGroup section */

/* Begin PBXNativeTarget section */
		8EA5177B2C6DB0FB0029A356 /* Coin */ = {
			isa = PBXNativeTarget;
			buildConfigurationList = 8EA517902C6DB0FD0029A356 /* Build configuration list for PBXNativeTarget "Coin" */;
			buildPhases = (
				8EA517782C6DB0FB0029A356 /* Sources */,
				8EA517792C6DB0FB0029A356 /* Frameworks */,
				8EA5177A2C6DB0FB0029A356 /* Resources */,
				BE98C0C72C70B4760058D3FA /* Embed Frameworks */,
			);
			buildRules = (
			);
			dependencies = (
			);
			name = Coin;
			packageProductDependencies = (
				8EA517A02C6DD04F0029A356 /* RxMoya */,
				8EA517A32C6DDA680029A356 /* Kingfisher */,
				8EA517A62C6DDAB50029A356 /* Neat */,
			);
			productName = Coin;
			productReference = 8EA5177C2C6DB0FB0029A356 /* Coin.app */;
			productType = "com.apple.product-type.application";
		};
		BE98C0A02C6F57600058D3FA /* CoinTests */ = {
			isa = PBXNativeTarget;
			buildConfigurationList = BE98C0A72C6F57600058D3FA /* Build configuration list for PBXNativeTarget "CoinTests" */;
			buildPhases = (
				BE98C09D2C6F57600058D3FA /* Sources */,
				BE98C09E2C6F57600058D3FA /* Frameworks */,
				BE98C09F2C6F57600058D3FA /* Resources */,
			);
			buildRules = (
			);
			dependencies = (
				BE98C0A62C6F57600058D3FA /* PBXTargetDependency */,
			);
			name = CoinTests;
			productName = CoinTests;
			productReference = BE98C0A12C6F57600058D3FA /* CoinTests.xctest */;
			productType = "com.apple.product-type.bundle.unit-test";
		};
/* End PBXNativeTarget section */

/* Begin PBXProject section */
		8EA517742C6DB0FB0029A356 /* Project object */ = {
			isa = PBXProject;
			attributes = {
				BuildIndependentTargetsInParallel = 1;
				LastSwiftUpdateCheck = 1540;
				LastUpgradeCheck = 1530;
				TargetAttributes = {
					8EA5177B2C6DB0FB0029A356 = {
						CreatedOnToolsVersion = 15.3;
					};
					BE98C0A02C6F57600058D3FA = {
						CreatedOnToolsVersion = 15.4;
						TestTargetID = 8EA5177B2C6DB0FB0029A356;
					};
				};
			};
			buildConfigurationList = 8EA517772C6DB0FB0029A356 /* Build configuration list for PBXProject "Coin" */;
			compatibilityVersion = "Xcode 14.0";
			developmentRegion = en;
			hasScannedForEncodings = 0;
			knownRegions = (
				en,
				Base,
			);
			mainGroup = 8EA517732C6DB0FB0029A356;
			packageReferences = (
				8EA5179F2C6DD04F0029A356 /* XCRemoteSwiftPackageReference "Moya" */,
				8EA517A22C6DDA680029A356 /* XCRemoteSwiftPackageReference "Kingfisher" */,
				8EA517A52C6DDAB50029A356 /* XCRemoteSwiftPackageReference "Neat" */,
			);
			productRefGroup = 8EA5177D2C6DB0FB0029A356 /* Products */;
			projectDirPath = "";
			projectRoot = "";
			targets = (
				8EA5177B2C6DB0FB0029A356 /* Coin */,
				BE98C0A02C6F57600058D3FA /* CoinTests */,
			);
		};
/* End PBXProject section */

/* Begin PBXResourcesBuildPhase section */
		8EA5177A2C6DB0FB0029A356 /* Resources */ = {
			isa = PBXResourcesBuildPhase;
			buildActionMask = 2147483647;
			files = (
				8EA5179A2C6DBA550029A356 /* .gitmessage.txt in Resources */,
				8EA517892C6DB0FD0029A356 /* Assets.xcassets in Resources */,
				8EA517982C6DB99E0029A356 /* .gitignore in Resources */,
				8EA5178C2C6DB0FD0029A356 /* Base in Resources */,
			);
			runOnlyForDeploymentPostprocessing = 0;
		};
		BE98C09F2C6F57600058D3FA /* Resources */ = {
			isa = PBXResourcesBuildPhase;
			buildActionMask = 2147483647;
			files = (
			);
			runOnlyForDeploymentPostprocessing = 0;
		};
/* End PBXResourcesBuildPhase section */

/* Begin PBXSourcesBuildPhase section */
		8EA517782C6DB0FB0029A356 /* Sources */ = {
			isa = PBXSourcesBuildPhase;
			buildActionMask = 2147483647;
			files = (
				8EA517842C6DB0FB0029A356 /* ViewController.swift in Sources */,
				8EA517AC2C6DEFF90029A356 /* TargetProvider.swift in Sources */,
				BE98C0982C6F4F2B0058D3FA /* EmailRequest.swift in Sources */,
				BE98C0962C6F4EB80058D3FA /* BackEndTargetType.swift in Sources */,
				8EA5179E2C6DBEEA0029A356 /* Secret.swift in Sources */,
				8EA517802C6DB0FB0029A356 /* AppDelegate.swift in Sources */,
				BE98C09A2C6F50120058D3FA /* RefreshTokenRequest.swift in Sources */,
				8EA517AA2C6DEF7C0029A356 /* AuthTarget.swift in Sources */,
				BE98C09C2C6F55C00058D3FA /* WithDrawRequest.swift in Sources */,
				BE98C0922C6F4C4C0058D3FA /* RequestProvider.swift in Sources */,
				BE98C0942C6F4C620058D3FA /* JoinRequest.swift in Sources */,
				8EA517822C6DB0FB0029A356 /* SceneDelegate.swift in Sources */,
				BE98C0902C6F4B610058D3FA /* LoginRequest.swift in Sources */,
			);
			runOnlyForDeploymentPostprocessing = 0;
		};
		BE98C09D2C6F57600058D3FA /* Sources */ = {
			isa = PBXSourcesBuildPhase;
			buildActionMask = 2147483647;
			files = (
				BE98C0A42C6F57600058D3FA /* AuthTargetTests.swift in Sources */,
			);
			runOnlyForDeploymentPostprocessing = 0;
		};
/* End PBXSourcesBuildPhase section */

/* Begin PBXTargetDependency section */
		BE98C0A62C6F57600058D3FA /* PBXTargetDependency */ = {
			isa = PBXTargetDependency;
			target = 8EA5177B2C6DB0FB0029A356 /* Coin */;
			targetProxy = BE98C0A52C6F57600058D3FA /* PBXContainerItemProxy */;
		};
/* End PBXTargetDependency section */

/* Begin PBXVariantGroup section */
		8EA5178A2C6DB0FD0029A356 /* LaunchScreen.storyboard */ = {
			isa = PBXVariantGroup;
			children = (
				8EA5178B2C6DB0FD0029A356 /* Base */,
			);
			name = LaunchScreen.storyboard;
			sourceTree = "<group>";
		};
/* End PBXVariantGroup section */

/* Begin XCBuildConfiguration section */
		8EA5178E2C6DB0FD0029A356 /* Debug */ = {
			isa = XCBuildConfiguration;
			baseConfigurationReference = 8EA5179B2C6DBBE90029A356 /* Secret.xcconfig */;
			buildSettings = {
				ALWAYS_SEARCH_USER_PATHS = NO;
				ASSETCATALOG_COMPILER_GENERATE_SWIFT_ASSET_SYMBOL_EXTENSIONS = YES;
				CLANG_ANALYZER_NONNULL = YES;
				CLANG_ANALYZER_NUMBER_OBJECT_CONVERSION = YES_AGGRESSIVE;
				CLANG_CXX_LANGUAGE_STANDARD = "gnu++20";
				CLANG_ENABLE_MODULES = YES;
				CLANG_ENABLE_OBJC_ARC = YES;
				CLANG_ENABLE_OBJC_WEAK = YES;
				CLANG_WARN_BLOCK_CAPTURE_AUTORELEASING = YES;
				CLANG_WARN_BOOL_CONVERSION = YES;
				CLANG_WARN_COMMA = YES;
				CLANG_WARN_CONSTANT_CONVERSION = YES;
				CLANG_WARN_DEPRECATED_OBJC_IMPLEMENTATIONS = YES;
				CLANG_WARN_DIRECT_OBJC_ISA_USAGE = YES_ERROR;
				CLANG_WARN_DOCUMENTATION_COMMENTS = YES;
				CLANG_WARN_EMPTY_BODY = YES;
				CLANG_WARN_ENUM_CONVERSION = YES;
				CLANG_WARN_INFINITE_RECURSION = YES;
				CLANG_WARN_INT_CONVERSION = YES;
				CLANG_WARN_NON_LITERAL_NULL_CONVERSION = YES;
				CLANG_WARN_OBJC_IMPLICIT_RETAIN_SELF = YES;
				CLANG_WARN_OBJC_LITERAL_CONVERSION = YES;
				CLANG_WARN_OBJC_ROOT_CLASS = YES_ERROR;
				CLANG_WARN_QUOTED_INCLUDE_IN_FRAMEWORK_HEADER = YES;
				CLANG_WARN_RANGE_LOOP_ANALYSIS = YES;
				CLANG_WARN_STRICT_PROTOTYPES = YES;
				CLANG_WARN_SUSPICIOUS_MOVE = YES;
				CLANG_WARN_UNGUARDED_AVAILABILITY = YES_AGGRESSIVE;
				CLANG_WARN_UNREACHABLE_CODE = YES;
				CLANG_WARN__DUPLICATE_METHOD_MATCH = YES;
				COPY_PHASE_STRIP = NO;
				DEBUG_INFORMATION_FORMAT = dwarf;
				ENABLE_STRICT_OBJC_MSGSEND = YES;
				ENABLE_TESTABILITY = YES;
				ENABLE_USER_SCRIPT_SANDBOXING = YES;
				GCC_C_LANGUAGE_STANDARD = gnu17;
				GCC_DYNAMIC_NO_PIC = NO;
				GCC_NO_COMMON_BLOCKS = YES;
				GCC_OPTIMIZATION_LEVEL = 0;
				GCC_PREPROCESSOR_DEFINITIONS = (
					"DEBUG=1",
					"$(inherited)",
				);
				GCC_WARN_64_TO_32_BIT_CONVERSION = YES;
				GCC_WARN_ABOUT_RETURN_TYPE = YES_ERROR;
				GCC_WARN_UNDECLARED_SELECTOR = YES;
				GCC_WARN_UNINITIALIZED_AUTOS = YES_AGGRESSIVE;
				GCC_WARN_UNUSED_FUNCTION = YES;
				GCC_WARN_UNUSED_VARIABLE = YES;
				IPHONEOS_DEPLOYMENT_TARGET = 15.0;
				LOCALIZATION_PREFERS_STRING_CATALOGS = YES;
				MTL_ENABLE_DEBUG_INFO = INCLUDE_SOURCE;
				MTL_FAST_MATH = YES;
				ONLY_ACTIVE_ARCH = YES;
				SDKROOT = iphoneos;
				SWIFT_ACTIVE_COMPILATION_CONDITIONS = "DEBUG $(inherited)";
				SWIFT_OPTIMIZATION_LEVEL = "-Onone";
			};
			name = Debug;
		};
		8EA5178F2C6DB0FD0029A356 /* Release */ = {
			isa = XCBuildConfiguration;
			buildSettings = {
				ALWAYS_SEARCH_USER_PATHS = NO;
				ASSETCATALOG_COMPILER_GENERATE_SWIFT_ASSET_SYMBOL_EXTENSIONS = YES;
				CLANG_ANALYZER_NONNULL = YES;
				CLANG_ANALYZER_NUMBER_OBJECT_CONVERSION = YES_AGGRESSIVE;
				CLANG_CXX_LANGUAGE_STANDARD = "gnu++20";
				CLANG_ENABLE_MODULES = YES;
				CLANG_ENABLE_OBJC_ARC = YES;
				CLANG_ENABLE_OBJC_WEAK = YES;
				CLANG_WARN_BLOCK_CAPTURE_AUTORELEASING = YES;
				CLANG_WARN_BOOL_CONVERSION = YES;
				CLANG_WARN_COMMA = YES;
				CLANG_WARN_CONSTANT_CONVERSION = YES;
				CLANG_WARN_DEPRECATED_OBJC_IMPLEMENTATIONS = YES;
				CLANG_WARN_DIRECT_OBJC_ISA_USAGE = YES_ERROR;
				CLANG_WARN_DOCUMENTATION_COMMENTS = YES;
				CLANG_WARN_EMPTY_BODY = YES;
				CLANG_WARN_ENUM_CONVERSION = YES;
				CLANG_WARN_INFINITE_RECURSION = YES;
				CLANG_WARN_INT_CONVERSION = YES;
				CLANG_WARN_NON_LITERAL_NULL_CONVERSION = YES;
				CLANG_WARN_OBJC_IMPLICIT_RETAIN_SELF = YES;
				CLANG_WARN_OBJC_LITERAL_CONVERSION = YES;
				CLANG_WARN_OBJC_ROOT_CLASS = YES_ERROR;
				CLANG_WARN_QUOTED_INCLUDE_IN_FRAMEWORK_HEADER = YES;
				CLANG_WARN_RANGE_LOOP_ANALYSIS = YES;
				CLANG_WARN_STRICT_PROTOTYPES = YES;
				CLANG_WARN_SUSPICIOUS_MOVE = YES;
				CLANG_WARN_UNGUARDED_AVAILABILITY = YES_AGGRESSIVE;
				CLANG_WARN_UNREACHABLE_CODE = YES;
				CLANG_WARN__DUPLICATE_METHOD_MATCH = YES;
				COPY_PHASE_STRIP = NO;
				DEBUG_INFORMATION_FORMAT = "dwarf-with-dsym";
				ENABLE_NS_ASSERTIONS = NO;
				ENABLE_STRICT_OBJC_MSGSEND = YES;
				ENABLE_USER_SCRIPT_SANDBOXING = YES;
				GCC_C_LANGUAGE_STANDARD = gnu17;
				GCC_NO_COMMON_BLOCKS = YES;
				GCC_WARN_64_TO_32_BIT_CONVERSION = YES;
				GCC_WARN_ABOUT_RETURN_TYPE = YES_ERROR;
				GCC_WARN_UNDECLARED_SELECTOR = YES;
				GCC_WARN_UNINITIALIZED_AUTOS = YES_AGGRESSIVE;
				GCC_WARN_UNUSED_FUNCTION = YES;
				GCC_WARN_UNUSED_VARIABLE = YES;
				IPHONEOS_DEPLOYMENT_TARGET = 15.0;
				LOCALIZATION_PREFERS_STRING_CATALOGS = YES;
				MTL_ENABLE_DEBUG_INFO = NO;
				MTL_FAST_MATH = YES;
				SDKROOT = iphoneos;
				SWIFT_COMPILATION_MODE = wholemodule;
				VALIDATE_PRODUCT = YES;
			};
			name = Release;
		};
		8EA517912C6DB0FD0029A356 /* Debug */ = {
			isa = XCBuildConfiguration;
			baseConfigurationReference = 8EA5179B2C6DBBE90029A356 /* Secret.xcconfig */;
			buildSettings = {
				ASSETCATALOG_COMPILER_APPICON_NAME = AppIcon;
				ASSETCATALOG_COMPILER_GLOBAL_ACCENT_COLOR_NAME = AccentColor;
				CODE_SIGN_STYLE = Automatic;
				CURRENT_PROJECT_VERSION = 1;
				DEVELOPMENT_TEAM = ASU4PNB5MG;
				GENERATE_INFOPLIST_FILE = YES;
				INFOPLIST_FILE = Coin/Resources/Info.plist;
				INFOPLIST_KEY_UIApplicationSupportsIndirectInputEvents = YES;
				INFOPLIST_KEY_UILaunchStoryboardName = LaunchScreen;
				INFOPLIST_KEY_UISupportedInterfaceOrientations = UIInterfaceOrientationPortrait;
				INFOPLIST_KEY_UISupportedInterfaceOrientations_iPad = "UIInterfaceOrientationLandscapeLeft UIInterfaceOrientationLandscapeRight UIInterfaceOrientationPortrait UIInterfaceOrientationPortraitUpsideDown";
				INFOPLIST_PREPROCESS = YES;
				LD_RUNPATH_SEARCH_PATHS = (
					"$(inherited)",
					"@executable_path/Frameworks",
				);
				MARKETING_VERSION = 1.0;
				PRODUCT_BUNDLE_IDENTIFIER = com.GeonSeobKim.Coin;
				PRODUCT_NAME = "$(TARGET_NAME)";
				SUPPORTED_PLATFORMS = "iphoneos iphonesimulator";
				SUPPORTS_MACCATALYST = NO;
				SUPPORTS_MAC_DESIGNED_FOR_IPHONE_IPAD = NO;
				SUPPORTS_XR_DESIGNED_FOR_IPHONE_IPAD = NO;
				SWIFT_EMIT_LOC_STRINGS = YES;
				SWIFT_VERSION = 5.0;
				TARGETED_DEVICE_FAMILY = 1;
			};
			name = Debug;
		};
		8EA517922C6DB0FD0029A356 /* Release */ = {
			isa = XCBuildConfiguration;
			buildSettings = {
				ASSETCATALOG_COMPILER_APPICON_NAME = AppIcon;
				ASSETCATALOG_COMPILER_GLOBAL_ACCENT_COLOR_NAME = AccentColor;
				CODE_SIGN_STYLE = Automatic;
				CURRENT_PROJECT_VERSION = 1;
				DEVELOPMENT_TEAM = ASU4PNB5MG;
				GENERATE_INFOPLIST_FILE = YES;
				INFOPLIST_FILE = Coin/Resources/Info.plist;
				INFOPLIST_KEY_UIApplicationSupportsIndirectInputEvents = YES;
				INFOPLIST_KEY_UILaunchStoryboardName = LaunchScreen;
				INFOPLIST_KEY_UISupportedInterfaceOrientations = UIInterfaceOrientationPortrait;
				INFOPLIST_KEY_UISupportedInterfaceOrientations_iPad = "UIInterfaceOrientationLandscapeLeft UIInterfaceOrientationLandscapeRight UIInterfaceOrientationPortrait UIInterfaceOrientationPortraitUpsideDown";
				INFOPLIST_PREPROCESS = YES;
				LD_RUNPATH_SEARCH_PATHS = (
					"$(inherited)",
					"@executable_path/Frameworks",
				);
				MARKETING_VERSION = 1.0;
				PRODUCT_BUNDLE_IDENTIFIER = com.GeonSeobKim.Coin;
				PRODUCT_NAME = "$(TARGET_NAME)";
				SUPPORTED_PLATFORMS = "iphoneos iphonesimulator";
				SUPPORTS_MACCATALYST = NO;
				SUPPORTS_MAC_DESIGNED_FOR_IPHONE_IPAD = NO;
				SUPPORTS_XR_DESIGNED_FOR_IPHONE_IPAD = NO;
				SWIFT_EMIT_LOC_STRINGS = YES;
				SWIFT_VERSION = 5.0;
				TARGETED_DEVICE_FAMILY = 1;
			};
			name = Release;
		};
		BE98C0A82C6F57600058D3FA /* Debug */ = {
			isa = XCBuildConfiguration;
			baseConfigurationReference = 8EA5179B2C6DBBE90029A356 /* Secret.xcconfig */;
			buildSettings = {
				BUNDLE_LOADER = "$(TEST_HOST)";
				CODE_SIGN_STYLE = Automatic;
				CURRENT_PROJECT_VERSION = 1;
				DEVELOPMENT_TEAM = ASU4PNB5MG;
				GENERATE_INFOPLIST_FILE = YES;
				IPHONEOS_DEPLOYMENT_TARGET = 15.0;
				MARKETING_VERSION = 1.0;
				PRODUCT_BUNDLE_IDENTIFIER = com.geonseobkim.CoinTests;
				PRODUCT_NAME = "$(TARGET_NAME)";
				SUPPORTED_PLATFORMS = "iphoneos iphonesimulator";
				SUPPORTS_MACCATALYST = NO;
				SUPPORTS_MAC_DESIGNED_FOR_IPHONE_IPAD = NO;
				SUPPORTS_XR_DESIGNED_FOR_IPHONE_IPAD = NO;
				SWIFT_EMIT_LOC_STRINGS = NO;
				SWIFT_VERSION = 5.0;
				TARGETED_DEVICE_FAMILY = 1;
				TEST_HOST = "$(BUILT_PRODUCTS_DIR)/Coin.app/$(BUNDLE_EXECUTABLE_FOLDER_PATH)/Coin";
			};
			name = Debug;
		};
		BE98C0A92C6F57600058D3FA /* Release */ = {
			isa = XCBuildConfiguration;
			buildSettings = {
				BUNDLE_LOADER = "$(TEST_HOST)";
				CODE_SIGN_STYLE = Automatic;
				CURRENT_PROJECT_VERSION = 1;
				DEVELOPMENT_TEAM = ASU4PNB5MG;
				GENERATE_INFOPLIST_FILE = YES;
				IPHONEOS_DEPLOYMENT_TARGET = 15.0;
				MARKETING_VERSION = 1.0;
				PRODUCT_BUNDLE_IDENTIFIER = com.geonseobkim.CoinTests;
				PRODUCT_NAME = "$(TARGET_NAME)";
				SUPPORTED_PLATFORMS = "iphoneos iphonesimulator";
				SUPPORTS_MACCATALYST = NO;
				SUPPORTS_MAC_DESIGNED_FOR_IPHONE_IPAD = NO;
				SUPPORTS_XR_DESIGNED_FOR_IPHONE_IPAD = NO;
				SWIFT_EMIT_LOC_STRINGS = NO;
				SWIFT_VERSION = 5.0;
				TARGETED_DEVICE_FAMILY = 1;
				TEST_HOST = "$(BUILT_PRODUCTS_DIR)/Coin.app/$(BUNDLE_EXECUTABLE_FOLDER_PATH)/Coin";
			};
			name = Release;
		};
/* End XCBuildConfiguration section */

/* Begin XCConfigurationList section */
		8EA517772C6DB0FB0029A356 /* Build configuration list for PBXProject "Coin" */ = {
			isa = XCConfigurationList;
			buildConfigurations = (
				8EA5178E2C6DB0FD0029A356 /* Debug */,
				8EA5178F2C6DB0FD0029A356 /* Release */,
			);
			defaultConfigurationIsVisible = 0;
			defaultConfigurationName = Release;
		};
		8EA517902C6DB0FD0029A356 /* Build configuration list for PBXNativeTarget "Coin" */ = {
			isa = XCConfigurationList;
			buildConfigurations = (
				8EA517912C6DB0FD0029A356 /* Debug */,
				8EA517922C6DB0FD0029A356 /* Release */,
			);
			defaultConfigurationIsVisible = 0;
			defaultConfigurationName = Release;
		};
		BE98C0A72C6F57600058D3FA /* Build configuration list for PBXNativeTarget "CoinTests" */ = {
			isa = XCConfigurationList;
			buildConfigurations = (
				BE98C0A82C6F57600058D3FA /* Debug */,
				BE98C0A92C6F57600058D3FA /* Release */,
			);
			defaultConfigurationIsVisible = 0;
			defaultConfigurationName = Release;
		};
/* End XCConfigurationList section */

/* Begin XCRemoteSwiftPackageReference section */
		8EA5179F2C6DD04F0029A356 /* XCRemoteSwiftPackageReference "Moya" */ = {
			isa = XCRemoteSwiftPackageReference;
			repositoryURL = "https://github.com/Moya/Moya";
			requirement = {
				kind = upToNextMajorVersion;
				minimumVersion = 15.0.3;
			};
		};
		8EA517A22C6DDA680029A356 /* XCRemoteSwiftPackageReference "Kingfisher" */ = {
			isa = XCRemoteSwiftPackageReference;
			repositoryURL = "https://github.com/onevcat/Kingfisher";
			requirement = {
				kind = upToNextMajorVersion;
				minimumVersion = 7.12.0;
			};
		};
		8EA517A52C6DDAB50029A356 /* XCRemoteSwiftPackageReference "Neat" */ = {
			isa = XCRemoteSwiftPackageReference;
			repositoryURL = "https://github.com/gnksbm/Neat.git";
			requirement = {
				branch = main;
				kind = branch;
			};
		};
/* End XCRemoteSwiftPackageReference section */

/* Begin XCSwiftPackageProductDependency section */
		8EA517A02C6DD04F0029A356 /* RxMoya */ = {
			isa = XCSwiftPackageProductDependency;
			package = 8EA5179F2C6DD04F0029A356 /* XCRemoteSwiftPackageReference "Moya" */;
			productName = RxMoya;
		};
		8EA517A32C6DDA680029A356 /* Kingfisher */ = {
			isa = XCSwiftPackageProductDependency;
			package = 8EA517A22C6DDA680029A356 /* XCRemoteSwiftPackageReference "Kingfisher" */;
			productName = Kingfisher;
		};
		8EA517A62C6DDAB50029A356 /* Neat */ = {
			isa = XCSwiftPackageProductDependency;
			package = 8EA517A52C6DDAB50029A356 /* XCRemoteSwiftPackageReference "Neat" */;
			productName = Neat;
		};
/* End XCSwiftPackageProductDependency section */
	};
	rootObject = 8EA517742C6DB0FB0029A356 /* Project object */;
}
