// !$*UTF8*$!
{
	archiveVersion = 1;
	classes = {
	};
	objectVersion = 56;
	objects = {

/* Begin PBXBuildFile section */
		8EA517802C6DB0FB0029A356 /* AppDelegate.swift in Sources */ = {isa = PBXBuildFile; fileRef = 8EA5177F2C6DB0FB0029A356 /* AppDelegate.swift */; };
		8EA517822C6DB0FB0029A356 /* SceneDelegate.swift in Sources */ = {isa = PBXBuildFile; fileRef = 8EA517812C6DB0FB0029A356 /* SceneDelegate.swift */; };
		8EA517842C6DB0FB0029A356 /* ViewController.swift in Sources */ = {isa = PBXBuildFile; fileRef = 8EA517832C6DB0FB0029A356 /* ViewController.swift */; };
		8EA517892C6DB0FD0029A356 /* Assets.xcassets in Resources */ = {isa = PBXBuildFile; fileRef = 8EA517882C6DB0FD0029A356 /* Assets.xcassets */; };
		8EA5178C2C6DB0FD0029A356 /* Base in Resources */ = {isa = PBXBuildFile; fileRef = 8EA5178B2C6DB0FD0029A356 /* Base */; };
		8EA517982C6DB99E0029A356 /* .gitignore in Resources */ = {isa = PBXBuildFile; fileRef = 8EA517972C6DB99E0029A356 /* .gitignore */; };
		8EA5179A2C6DBA550029A356 /* .gitmessage.txt in Resources */ = {isa = PBXBuildFile; fileRef = 8EA517992C6DBA550029A356 /* .gitmessage.txt */; };
		8EA5179E2C6DBEEA0029A356 /* Secret.swift in Sources */ = {isa = PBXBuildFile; fileRef = 8EA5179D2C6DBEEA0029A356 /* Secret.swift */; };
		8EA517A12C6DD04F0029A356 /* RxMoya in Frameworks */ = {isa = PBXBuildFile; productRef = 8EA517A02C6DD04F0029A356 /* RxMoya */; };
		8EA517A42C6DDA680029A356 /* Kingfisher in Frameworks */ = {isa = PBXBuildFile; productRef = 8EA517A32C6DDA680029A356 /* Kingfisher */; };
		8EA517A72C6DDAB50029A356 /* Neat in Frameworks */ = {isa = PBXBuildFile; productRef = 8EA517A62C6DDAB50029A356 /* Neat */; };
		8EA517AA2C6DEF7C0029A356 /* AuthTarget.swift in Sources */ = {isa = PBXBuildFile; fileRef = 8EA517A92C6DEF7C0029A356 /* AuthTarget.swift */; };
		8EA517AC2C6DEFF90029A356 /* TargetProvider.swift in Sources */ = {isa = PBXBuildFile; fileRef = 8EA517AB2C6DEFF90029A356 /* TargetProvider.swift */; };
		8ED3DDEB2C720C1200126BD4 /* PostTarget.swift in Sources */ = {isa = PBXBuildFile; fileRef = 8ED3DDEA2C720C1200126BD4 /* PostTarget.swift */; };
		8ED3DDEF2C720E1400126BD4 /* CreatePostRequest.swift in Sources */ = {isa = PBXBuildFile; fileRef = 8ED3DDEE2C720E1400126BD4 /* CreatePostRequest.swift */; };
		8ED3DDF12C720F3D00126BD4 /* UploadImageRequest.swift in Sources */ = {isa = PBXBuildFile; fileRef = 8ED3DDF02C720F3D00126BD4 /* UploadImageRequest.swift */; };
		8ED3DDF32C720F8300126BD4 /* AccessTokenHeader.swift in Sources */ = {isa = PBXBuildFile; fileRef = 8ED3DDF22C720F8300126BD4 /* AccessTokenHeader.swift */; };
		8ED3DDFE2C72DBFE00126BD4 /* ReadPostsRequest.swift in Sources */ = {isa = PBXBuildFile; fileRef = 8ED3DDFD2C72DBFE00126BD4 /* ReadPostsRequest.swift */; };
		8ED3DE012C72DF0800126BD4 /* ReadPostWithIDRequest.swift in Sources */ = {isa = PBXBuildFile; fileRef = 8ED3DE002C72DF0800126BD4 /* ReadPostWithIDRequest.swift */; };
		8ED3DE032C72E1B200126BD4 /* UpdatePostRequest.swift in Sources */ = {isa = PBXBuildFile; fileRef = 8ED3DE022C72E1B200126BD4 /* UpdatePostRequest.swift */; };
		8ED3DE052C72E2EF00126BD4 /* DeletePostRequest.swift in Sources */ = {isa = PBXBuildFile; fileRef = 8ED3DE042C72E2EF00126BD4 /* DeletePostRequest.swift */; };
		8ED3DE0A2C72EE7600126BD4 /* ReadPostsByUserRequest.swift in Sources */ = {isa = PBXBuildFile; fileRef = 8ED3DE092C72EE7600126BD4 /* ReadPostsByUserRequest.swift */; };
		8ED3DE0C2C73202C00126BD4 /* PostTargetTests.swift in Sources */ = {isa = PBXBuildFile; fileRef = 8ED3DE0B2C73202C00126BD4 /* PostTargetTests.swift */; };
		8ED3DE112C73253200126BD4 /* CommentTarget.swift in Sources */ = {isa = PBXBuildFile; fileRef = 8ED3DE102C73253200126BD4 /* CommentTarget.swift */; };
		8ED3DE142C73257E00126BD4 /* CreateCommentRequest.swift in Sources */ = {isa = PBXBuildFile; fileRef = 8ED3DE132C73257E00126BD4 /* CreateCommentRequest.swift */; };
		8ED3DE162C73269800126BD4 /* UpdateCommentRequest.swift in Sources */ = {isa = PBXBuildFile; fileRef = 8ED3DE152C73269800126BD4 /* UpdateCommentRequest.swift */; };
		8ED3DE182C7327AD00126BD4 /* DeleteCommentRequest.swift in Sources */ = {isa = PBXBuildFile; fileRef = 8ED3DE172C7327AD00126BD4 /* DeleteCommentRequest.swift */; };
		8ED3DE1A2C73283B00126BD4 /* CommentTargetTests.swift in Sources */ = {isa = PBXBuildFile; fileRef = 8ED3DE192C73283B00126BD4 /* CommentTargetTests.swift */; };
		8ED3DE1C2C7329FF00126BD4 /* LikeTarget.swift in Sources */ = {isa = PBXBuildFile; fileRef = 8ED3DE1B2C7329FF00126BD4 /* LikeTarget.swift */; };
		8ED3DE1F2C732A7200126BD4 /* UpdateLikeRequest.swift in Sources */ = {isa = PBXBuildFile; fileRef = 8ED3DE1E2C732A7200126BD4 /* UpdateLikeRequest.swift */; };
		8ED3DE212C732BAE00126BD4 /* ReadLikedPostsRequest.swift in Sources */ = {isa = PBXBuildFile; fileRef = 8ED3DE202C732BAE00126BD4 /* ReadLikedPostsRequest.swift */; };
		8ED3DE232C732CBD00126BD4 /* LikeTargetTests.swift in Sources */ = {isa = PBXBuildFile; fileRef = 8ED3DE222C732CBD00126BD4 /* LikeTargetTests.swift */; };
		8ED3DE252C732F7100126BD4 /* ReadPostsByHashtagRequest.swift in Sources */ = {isa = PBXBuildFile; fileRef = 8ED3DE242C732F7100126BD4 /* ReadPostsByHashtagRequest.swift */; };
		8ED3DE272C7330C800126BD4 /* ProfileTarget.swift in Sources */ = {isa = PBXBuildFile; fileRef = 8ED3DE262C7330C800126BD4 /* ProfileTarget.swift */; };
		8ED3DE2A2C7331D600126BD4 /* ReadProfileRequest.swift in Sources */ = {isa = PBXBuildFile; fileRef = 8ED3DE292C7331D600126BD4 /* ReadProfileRequest.swift */; };
		8ED3DE2C2C7331DC00126BD4 /* UpdateProfileRequest.swift in Sources */ = {isa = PBXBuildFile; fileRef = 8ED3DE2B2C7331DC00126BD4 /* UpdateProfileRequest.swift */; };
		8ED3DE2E2C7336BE00126BD4 /* ProfileTargetTests.swift in Sources */ = {isa = PBXBuildFile; fileRef = 8ED3DE2D2C7336BE00126BD4 /* ProfileTargetTests.swift */; };
		8ED3DE312C73376E00126BD4 /* DIContainer.swift in Sources */ = {isa = PBXBuildFile; fileRef = 8ED3DE302C73376E00126BD4 /* DIContainer.swift */; };
		8ED3DE332C73393C00126BD4 /* Injected.swift in Sources */ = {isa = PBXBuildFile; fileRef = 8ED3DE322C73393C00126BD4 /* Injected.swift */; };
		8ED3DE3C2C733B3000126BD4 /* BackEndError.swift in Sources */ = {isa = PBXBuildFile; fileRef = 8ED3DE3B2C733B3000126BD4 /* BackEndError.swift */; };
		8ED3DE3E2C733D0700126BD4 /* JoinError.swift in Sources */ = {isa = PBXBuildFile; fileRef = 8ED3DE3D2C733D0700126BD4 /* JoinError.swift */; };
		8ED3DE412C7340D900126BD4 /* JoinDTO.swift in Sources */ = {isa = PBXBuildFile; fileRef = 8ED3DE402C7340D900126BD4 /* JoinDTO.swift */; };
		8ED3DE442C73412F00126BD4 /* Single+.swift in Sources */ = {isa = PBXBuildFile; fileRef = 8ED3DE432C73412F00126BD4 /* Single+.swift */; };
		8ED3DE482C7341FA00126BD4 /* JoinDTO.json in Resources */ = {isa = PBXBuildFile; fileRef = 8ED3DE472C7341FA00126BD4 /* JoinDTO.json */; };
		8ED3DE4A2C73424E00126BD4 /* EmailValidationError.swift in Sources */ = {isa = PBXBuildFile; fileRef = 8ED3DE492C73424E00126BD4 /* EmailValidationError.swift */; };
		8ED3DE4C2C7342B100126BD4 /* EmailValidationDTO.swift in Sources */ = {isa = PBXBuildFile; fileRef = 8ED3DE4B2C7342B100126BD4 /* EmailValidationDTO.swift */; };
		8ED3DE4E2C73435900126BD4 /* LoginDTO.swift in Sources */ = {isa = PBXBuildFile; fileRef = 8ED3DE4D2C73435900126BD4 /* LoginDTO.swift */; };
		8ED3DE502C73438800126BD4 /* LoginError.swift in Sources */ = {isa = PBXBuildFile; fileRef = 8ED3DE4F2C73438800126BD4 /* LoginError.swift */; };
		8ED3DE522C7343ED00126BD4 /* RefreshTokenError.swift in Sources */ = {isa = PBXBuildFile; fileRef = 8ED3DE512C7343ED00126BD4 /* RefreshTokenError.swift */; };
		8ED3DE542C73646100126BD4 /* WithDrawError.swift in Sources */ = {isa = PBXBuildFile; fileRef = 8ED3DE532C73646100126BD4 /* WithDrawError.swift */; };
		8ED3DE572C73650100126BD4 /* RefreshTokenDTO.swift in Sources */ = {isa = PBXBuildFile; fileRef = 8ED3DE562C73650100126BD4 /* RefreshTokenDTO.swift */; };
		8ED3DE592C73651500126BD4 /* WithDrawDTO.swift in Sources */ = {isa = PBXBuildFile; fileRef = 8ED3DE582C73651500126BD4 /* WithDrawDTO.swift */; };
		8ED3DE5D2C736AF400126BD4 /* UploadImageError.swift in Sources */ = {isa = PBXBuildFile; fileRef = 8ED3DE5C2C736AF400126BD4 /* UploadImageError.swift */; };
		8ED3DE802C75F64F00126BD4 /* CreateCommentError.swift in Sources */ = {isa = PBXBuildFile; fileRef = 8ED3DE7F2C75F64F00126BD4 /* CreateCommentError.swift */; };
		8ED3DE852C75F75A00126BD4 /* CreateComment.json in Resources */ = {isa = PBXBuildFile; fileRef = 8ED3DE842C75F75A00126BD4 /* CreateComment.json */; };
		8ED3DE872C75F8F900126BD4 /* UpdateCommentError.swift in Sources */ = {isa = PBXBuildFile; fileRef = 8ED3DE862C75F8F900126BD4 /* UpdateCommentError.swift */; };
		8ED3DE892C75FA8100126BD4 /* DeleteCommentError.swift in Sources */ = {isa = PBXBuildFile; fileRef = 8ED3DE882C75FA8100126BD4 /* DeleteCommentError.swift */; };
		8ED3DE8C2C75FB6300126BD4 /* UpdateLikeError.swift in Sources */ = {isa = PBXBuildFile; fileRef = 8ED3DE8B2C75FB6300126BD4 /* UpdateLikeError.swift */; };
		8ED3DE8F2C75FBF800126BD4 /* UpdateLike.json in Resources */ = {isa = PBXBuildFile; fileRef = 8ED3DE8E2C75FBF800126BD4 /* UpdateLike.json */; };
		8ED3DE912C75FC2800126BD4 /* ReadLikedPostsError.swift in Sources */ = {isa = PBXBuildFile; fileRef = 8ED3DE902C75FC2800126BD4 /* ReadLikedPostsError.swift */; };
		8ED3DE932C7608EB00126BD4 /* NetworkService.swift in Sources */ = {isa = PBXBuildFile; fileRef = 8ED3DE922C7608EB00126BD4 /* NetworkService.swift */; };
		8ED3DE962C76092F00126BD4 /* DefaultNetworkService.swift in Sources */ = {isa = PBXBuildFile; fileRef = 8ED3DE952C76092F00126BD4 /* DefaultNetworkService.swift */; };
		8ED3DE982C761BDD00126BD4 /* AppDelegate+Register.swift in Sources */ = {isa = PBXBuildFile; fileRef = 8ED3DE972C761BDD00126BD4 /* AppDelegate+Register.swift */; };
		BE98C0902C6F4B610058D3FA /* LoginRequest.swift in Sources */ = {isa = PBXBuildFile; fileRef = BE98C08F2C6F4B610058D3FA /* LoginRequest.swift */; };
		BE98C0922C6F4C4C0058D3FA /* RequestProvider.swift in Sources */ = {isa = PBXBuildFile; fileRef = BE98C0912C6F4C4C0058D3FA /* RequestProvider.swift */; };
		BE98C0942C6F4C620058D3FA /* JoinRequest.swift in Sources */ = {isa = PBXBuildFile; fileRef = BE98C0932C6F4C620058D3FA /* JoinRequest.swift */; };
		BE98C0962C6F4EB80058D3FA /* BackEndTargetType.swift in Sources */ = {isa = PBXBuildFile; fileRef = BE98C0952C6F4EB80058D3FA /* BackEndTargetType.swift */; };
		BE98C0982C6F4F2B0058D3FA /* EmailRequest.swift in Sources */ = {isa = PBXBuildFile; fileRef = BE98C0972C6F4F2B0058D3FA /* EmailRequest.swift */; };
		BE98C09A2C6F50120058D3FA /* RefreshTokenRequest.swift in Sources */ = {isa = PBXBuildFile; fileRef = BE98C0992C6F50120058D3FA /* RefreshTokenRequest.swift */; };
		BE98C09C2C6F55C00058D3FA /* WithDrawRequest.swift in Sources */ = {isa = PBXBuildFile; fileRef = BE98C09B2C6F55BF0058D3FA /* WithDrawRequest.swift */; };
		BE98C0A42C6F57600058D3FA /* AuthTargetTests.swift in Sources */ = {isa = PBXBuildFile; fileRef = BE98C0A32C6F57600058D3FA /* AuthTargetTests.swift */; };
		BE98C0CC2C74B4320058D3FA /* UpdatePostError.swift in Sources */ = {isa = PBXBuildFile; fileRef = BE98C0CB2C74B4320058D3FA /* UpdatePostError.swift */; };
		BE98C0CE2C74B4E30058D3FA /* DeletePostError.swift in Sources */ = {isa = PBXBuildFile; fileRef = BE98C0CD2C74B4E30058D3FA /* DeletePostError.swift */; };
		BE98C0D02C74B54A0058D3FA /* CreatePostError.swift in Sources */ = {isa = PBXBuildFile; fileRef = BE98C0CF2C74B54A0058D3FA /* CreatePostError.swift */; };
		BE98C0D32C74B5E70058D3FA /* UploadImageDTO.swift in Sources */ = {isa = PBXBuildFile; fileRef = BE98C0D22C74B5E70058D3FA /* UploadImageDTO.swift */; };
		BE98C0D52C74B71A0058D3FA /* CreatePostDTO.swift in Sources */ = {isa = PBXBuildFile; fileRef = BE98C0D42C74B71A0058D3FA /* CreatePostDTO.swift */; };
		BE98C0D72C74B7600058D3FA /* Creator.swift in Sources */ = {isa = PBXBuildFile; fileRef = BE98C0D62C74B7600058D3FA /* Creator.swift */; };
		BE98C0D92C74B79C0058D3FA /* Comment.swift in Sources */ = {isa = PBXBuildFile; fileRef = BE98C0D82C74B79C0058D3FA /* Comment.swift */; };
		BE98C0DB2C74B7F00058D3FA /* ReadPostDTO.swift in Sources */ = {isa = PBXBuildFile; fileRef = BE98C0DA2C74B7F00058D3FA /* ReadPostDTO.swift */; };
		BE98C0DD2C75E9340058D3FA /* EmptyResponse.swift in Sources */ = {isa = PBXBuildFile; fileRef = BE98C0DC2C75E9340058D3FA /* EmptyResponse.swift */; };
		BE98C0DF2C75E9A50058D3FA /* EmailValidation.json in Resources */ = {isa = PBXBuildFile; fileRef = BE98C0DE2C75E9A50058D3FA /* EmailValidation.json */; };
		BE98C0E12C75E9BA0058D3FA /* LoginWithProfileImage.json in Resources */ = {isa = PBXBuildFile; fileRef = BE98C0E02C75E9BA0058D3FA /* LoginWithProfileImage.json */; };
		BE98C0E32C75E9C20058D3FA /* Login.json in Resources */ = {isa = PBXBuildFile; fileRef = BE98C0E22C75E9C20058D3FA /* Login.json */; };
		BE98C0E52C75E9CE0058D3FA /* RefreshToken.json in Resources */ = {isa = PBXBuildFile; fileRef = BE98C0E42C75E9CE0058D3FA /* RefreshToken.json */; };
		BE98C0E72C75EA020058D3FA /* WithDraw.json in Resources */ = {isa = PBXBuildFile; fileRef = BE98C0E62C75EA020058D3FA /* WithDraw.json */; };
		BE98C0E92C75EA0A0058D3FA /* UploadImage.json in Resources */ = {isa = PBXBuildFile; fileRef = BE98C0E82C75EA0A0058D3FA /* UploadImage.json */; };
		BE98C0EB2C75EA130058D3FA /* CreatePost.json in Resources */ = {isa = PBXBuildFile; fileRef = BE98C0EA2C75EA130058D3FA /* CreatePost.json */; };
/* End PBXBuildFile section */

/* Begin PBXContainerItemProxy section */
		BE98C0A52C6F57600058D3FA /* PBXContainerItemProxy */ = {
			isa = PBXContainerItemProxy;
			containerPortal = 8EA517742C6DB0FB0029A356 /* Project object */;
			proxyType = 1;
			remoteGlobalIDString = 8EA5177B2C6DB0FB0029A356;
			remoteInfo = Coin;
		};
/* End PBXContainerItemProxy section */

/* Begin PBXCopyFilesBuildPhase section */
		BE98C0C72C70B4760058D3FA /* Embed Frameworks */ = {
			isa = PBXCopyFilesBuildPhase;
			buildActionMask = 2147483647;
			dstPath = "";
			dstSubfolderSpec = 10;
			files = (
			);
			name = "Embed Frameworks";
			runOnlyForDeploymentPostprocessing = 0;
		};
/* End PBXCopyFilesBuildPhase section */

/* Begin PBXFileReference section */
		8EA5177C2C6DB0FB0029A356 /* Coin.app */ = {isa = PBXFileReference; explicitFileType = wrapper.application; includeInIndex = 0; path = Coin.app; sourceTree = BUILT_PRODUCTS_DIR; };
		8EA5177F2C6DB0FB0029A356 /* AppDelegate.swift */ = {isa = PBXFileReference; lastKnownFileType = sourcecode.swift; path = AppDelegate.swift; sourceTree = "<group>"; };
		8EA517812C6DB0FB0029A356 /* SceneDelegate.swift */ = {isa = PBXFileReference; lastKnownFileType = sourcecode.swift; path = SceneDelegate.swift; sourceTree = "<group>"; };
		8EA517832C6DB0FB0029A356 /* ViewController.swift */ = {isa = PBXFileReference; lastKnownFileType = sourcecode.swift; path = ViewController.swift; sourceTree = "<group>"; };
		8EA517882C6DB0FD0029A356 /* Assets.xcassets */ = {isa = PBXFileReference; lastKnownFileType = folder.assetcatalog; path = Assets.xcassets; sourceTree = "<group>"; };
		8EA5178B2C6DB0FD0029A356 /* Base */ = {isa = PBXFileReference; lastKnownFileType = file.storyboard; name = Base; path = Base.lproj/LaunchScreen.storyboard; sourceTree = "<group>"; };
		8EA5178D2C6DB0FD0029A356 /* Info.plist */ = {isa = PBXFileReference; lastKnownFileType = text.plist.xml; path = Info.plist; sourceTree = "<group>"; };
		8EA517972C6DB99E0029A356 /* .gitignore */ = {isa = PBXFileReference; lastKnownFileType = text; path = .gitignore; sourceTree = "<group>"; };
		8EA517992C6DBA550029A356 /* .gitmessage.txt */ = {isa = PBXFileReference; lastKnownFileType = text; path = .gitmessage.txt; sourceTree = "<group>"; };
		8EA5179B2C6DBBE90029A356 /* Secret.xcconfig */ = {isa = PBXFileReference; lastKnownFileType = text.xcconfig; path = Secret.xcconfig; sourceTree = "<group>"; };
		8EA5179D2C6DBEEA0029A356 /* Secret.swift */ = {isa = PBXFileReference; lastKnownFileType = sourcecode.swift; path = Secret.swift; sourceTree = "<group>"; };
		8EA517A92C6DEF7C0029A356 /* AuthTarget.swift */ = {isa = PBXFileReference; lastKnownFileType = sourcecode.swift; path = AuthTarget.swift; sourceTree = "<group>"; };
		8EA517AB2C6DEFF90029A356 /* TargetProvider.swift */ = {isa = PBXFileReference; lastKnownFileType = sourcecode.swift; path = TargetProvider.swift; sourceTree = "<group>"; };
		8ED3DDEA2C720C1200126BD4 /* PostTarget.swift */ = {isa = PBXFileReference; lastKnownFileType = sourcecode.swift; path = PostTarget.swift; sourceTree = "<group>"; };
		8ED3DDEE2C720E1400126BD4 /* CreatePostRequest.swift */ = {isa = PBXFileReference; lastKnownFileType = sourcecode.swift; path = CreatePostRequest.swift; sourceTree = "<group>"; };
		8ED3DDF02C720F3D00126BD4 /* UploadImageRequest.swift */ = {isa = PBXFileReference; lastKnownFileType = sourcecode.swift; path = UploadImageRequest.swift; sourceTree = "<group>"; };
		8ED3DDF22C720F8300126BD4 /* AccessTokenHeader.swift */ = {isa = PBXFileReference; lastKnownFileType = sourcecode.swift; path = AccessTokenHeader.swift; sourceTree = "<group>"; };
		8ED3DDFD2C72DBFE00126BD4 /* ReadPostsRequest.swift */ = {isa = PBXFileReference; lastKnownFileType = sourcecode.swift; path = ReadPostsRequest.swift; sourceTree = "<group>"; };
		8ED3DE002C72DF0800126BD4 /* ReadPostWithIDRequest.swift */ = {isa = PBXFileReference; lastKnownFileType = sourcecode.swift; path = ReadPostWithIDRequest.swift; sourceTree = "<group>"; };
		8ED3DE022C72E1B200126BD4 /* UpdatePostRequest.swift */ = {isa = PBXFileReference; lastKnownFileType = sourcecode.swift; path = UpdatePostRequest.swift; sourceTree = "<group>"; };
		8ED3DE042C72E2EF00126BD4 /* DeletePostRequest.swift */ = {isa = PBXFileReference; lastKnownFileType = sourcecode.swift; path = DeletePostRequest.swift; sourceTree = "<group>"; };
		8ED3DE092C72EE7600126BD4 /* ReadPostsByUserRequest.swift */ = {isa = PBXFileReference; lastKnownFileType = sourcecode.swift; path = ReadPostsByUserRequest.swift; sourceTree = "<group>"; };
		8ED3DE0B2C73202C00126BD4 /* PostTargetTests.swift */ = {isa = PBXFileReference; lastKnownFileType = sourcecode.swift; path = PostTargetTests.swift; sourceTree = "<group>"; };
		8ED3DE102C73253200126BD4 /* CommentTarget.swift */ = {isa = PBXFileReference; lastKnownFileType = sourcecode.swift; path = CommentTarget.swift; sourceTree = "<group>"; };
		8ED3DE132C73257E00126BD4 /* CreateCommentRequest.swift */ = {isa = PBXFileReference; lastKnownFileType = sourcecode.swift; path = CreateCommentRequest.swift; sourceTree = "<group>"; };
		8ED3DE152C73269800126BD4 /* UpdateCommentRequest.swift */ = {isa = PBXFileReference; lastKnownFileType = sourcecode.swift; path = UpdateCommentRequest.swift; sourceTree = "<group>"; };
		8ED3DE172C7327AD00126BD4 /* DeleteCommentRequest.swift */ = {isa = PBXFileReference; lastKnownFileType = sourcecode.swift; path = DeleteCommentRequest.swift; sourceTree = "<group>"; };
		8ED3DE192C73283B00126BD4 /* CommentTargetTests.swift */ = {isa = PBXFileReference; lastKnownFileType = sourcecode.swift; path = CommentTargetTests.swift; sourceTree = "<group>"; };
		8ED3DE1B2C7329FF00126BD4 /* LikeTarget.swift */ = {isa = PBXFileReference; lastKnownFileType = sourcecode.swift; path = LikeTarget.swift; sourceTree = "<group>"; };
		8ED3DE1E2C732A7200126BD4 /* UpdateLikeRequest.swift */ = {isa = PBXFileReference; lastKnownFileType = sourcecode.swift; path = UpdateLikeRequest.swift; sourceTree = "<group>"; };
		8ED3DE202C732BAE00126BD4 /* ReadLikedPostsRequest.swift */ = {isa = PBXFileReference; lastKnownFileType = sourcecode.swift; path = ReadLikedPostsRequest.swift; sourceTree = "<group>"; };
		8ED3DE222C732CBD00126BD4 /* LikeTargetTests.swift */ = {isa = PBXFileReference; lastKnownFileType = sourcecode.swift; path = LikeTargetTests.swift; sourceTree = "<group>"; };
		8ED3DE242C732F7100126BD4 /* ReadPostsByHashtagRequest.swift */ = {isa = PBXFileReference; lastKnownFileType = sourcecode.swift; path = ReadPostsByHashtagRequest.swift; sourceTree = "<group>"; };
		8ED3DE262C7330C800126BD4 /* ProfileTarget.swift */ = {isa = PBXFileReference; lastKnownFileType = sourcecode.swift; path = ProfileTarget.swift; sourceTree = "<group>"; };
		8ED3DE292C7331D600126BD4 /* ReadProfileRequest.swift */ = {isa = PBXFileReference; lastKnownFileType = sourcecode.swift; path = ReadProfileRequest.swift; sourceTree = "<group>"; };
		8ED3DE2B2C7331DC00126BD4 /* UpdateProfileRequest.swift */ = {isa = PBXFileReference; lastKnownFileType = sourcecode.swift; path = UpdateProfileRequest.swift; sourceTree = "<group>"; };
		8ED3DE2D2C7336BE00126BD4 /* ProfileTargetTests.swift */ = {isa = PBXFileReference; lastKnownFileType = sourcecode.swift; path = ProfileTargetTests.swift; sourceTree = "<group>"; };
		8ED3DE302C73376E00126BD4 /* DIContainer.swift */ = {isa = PBXFileReference; lastKnownFileType = sourcecode.swift; path = DIContainer.swift; sourceTree = "<group>"; };
		8ED3DE322C73393C00126BD4 /* Injected.swift */ = {isa = PBXFileReference; lastKnownFileType = sourcecode.swift; path = Injected.swift; sourceTree = "<group>"; };
		8ED3DE3B2C733B3000126BD4 /* BackEndError.swift */ = {isa = PBXFileReference; lastKnownFileType = sourcecode.swift; path = BackEndError.swift; sourceTree = "<group>"; };
		8ED3DE3D2C733D0700126BD4 /* JoinError.swift */ = {isa = PBXFileReference; lastKnownFileType = sourcecode.swift; path = JoinError.swift; sourceTree = "<group>"; };
		8ED3DE402C7340D900126BD4 /* JoinDTO.swift */ = {isa = PBXFileReference; lastKnownFileType = sourcecode.swift; path = JoinDTO.swift; sourceTree = "<group>"; };
		8ED3DE432C73412F00126BD4 /* Single+.swift */ = {isa = PBXFileReference; lastKnownFileType = sourcecode.swift; path = "Single+.swift"; sourceTree = "<group>"; };
		8ED3DE472C7341FA00126BD4 /* JoinDTO.json */ = {isa = PBXFileReference; lastKnownFileType = text.json; path = JoinDTO.json; sourceTree = "<group>"; };
		8ED3DE492C73424E00126BD4 /* EmailValidationError.swift */ = {isa = PBXFileReference; lastKnownFileType = sourcecode.swift; path = EmailValidationError.swift; sourceTree = "<group>"; };
		8ED3DE4B2C7342B100126BD4 /* EmailValidationDTO.swift */ = {isa = PBXFileReference; lastKnownFileType = sourcecode.swift; path = EmailValidationDTO.swift; sourceTree = "<group>"; };
		8ED3DE4D2C73435900126BD4 /* LoginDTO.swift */ = {isa = PBXFileReference; lastKnownFileType = sourcecode.swift; path = LoginDTO.swift; sourceTree = "<group>"; };
		8ED3DE4F2C73438800126BD4 /* LoginError.swift */ = {isa = PBXFileReference; lastKnownFileType = sourcecode.swift; path = LoginError.swift; sourceTree = "<group>"; };
		8ED3DE512C7343ED00126BD4 /* RefreshTokenError.swift */ = {isa = PBXFileReference; lastKnownFileType = sourcecode.swift; path = RefreshTokenError.swift; sourceTree = "<group>"; };
		8ED3DE532C73646100126BD4 /* WithDrawError.swift */ = {isa = PBXFileReference; lastKnownFileType = sourcecode.swift; path = WithDrawError.swift; sourceTree = "<group>"; };
		8ED3DE562C73650100126BD4 /* RefreshTokenDTO.swift */ = {isa = PBXFileReference; lastKnownFileType = sourcecode.swift; path = RefreshTokenDTO.swift; sourceTree = "<group>"; };
		8ED3DE582C73651500126BD4 /* WithDrawDTO.swift */ = {isa = PBXFileReference; lastKnownFileType = sourcecode.swift; path = WithDrawDTO.swift; sourceTree = "<group>"; };
		8ED3DE5C2C736AF400126BD4 /* UploadImageError.swift */ = {isa = PBXFileReference; lastKnownFileType = sourcecode.swift; path = UploadImageError.swift; sourceTree = "<group>"; };
		8ED3DE7F2C75F64F00126BD4 /* CreateCommentError.swift */ = {isa = PBXFileReference; lastKnownFileType = sourcecode.swift; path = CreateCommentError.swift; sourceTree = "<group>"; };
		8ED3DE842C75F75A00126BD4 /* CreateComment.json */ = {isa = PBXFileReference; lastKnownFileType = text.json; path = CreateComment.json; sourceTree = "<group>"; };
		8ED3DE862C75F8F900126BD4 /* UpdateCommentError.swift */ = {isa = PBXFileReference; lastKnownFileType = sourcecode.swift; path = UpdateCommentError.swift; sourceTree = "<group>"; };
		8ED3DE882C75FA8100126BD4 /* DeleteCommentError.swift */ = {isa = PBXFileReference; lastKnownFileType = sourcecode.swift; path = DeleteCommentError.swift; sourceTree = "<group>"; };
		8ED3DE8B2C75FB6300126BD4 /* UpdateLikeError.swift */ = {isa = PBXFileReference; lastKnownFileType = sourcecode.swift; path = UpdateLikeError.swift; sourceTree = "<group>"; };
		8ED3DE8E2C75FBF800126BD4 /* UpdateLike.json */ = {isa = PBXFileReference; lastKnownFileType = text.json; path = UpdateLike.json; sourceTree = "<group>"; };
		8ED3DE902C75FC2800126BD4 /* ReadLikedPostsError.swift */ = {isa = PBXFileReference; lastKnownFileType = sourcecode.swift; path = ReadLikedPostsError.swift; sourceTree = "<group>"; };
		8ED3DE922C7608EB00126BD4 /* NetworkService.swift */ = {isa = PBXFileReference; lastKnownFileType = sourcecode.swift; path = NetworkService.swift; sourceTree = "<group>"; };
		8ED3DE952C76092F00126BD4 /* DefaultNetworkService.swift */ = {isa = PBXFileReference; lastKnownFileType = sourcecode.swift; path = DefaultNetworkService.swift; sourceTree = "<group>"; };
		8ED3DE972C761BDD00126BD4 /* AppDelegate+Register.swift */ = {isa = PBXFileReference; lastKnownFileType = sourcecode.swift; path = "AppDelegate+Register.swift"; sourceTree = "<group>"; };
		BE98C08F2C6F4B610058D3FA /* LoginRequest.swift */ = {isa = PBXFileReference; lastKnownFileType = sourcecode.swift; path = LoginRequest.swift; sourceTree = "<group>"; };
		BE98C0912C6F4C4C0058D3FA /* RequestProvider.swift */ = {isa = PBXFileReference; lastKnownFileType = sourcecode.swift; path = RequestProvider.swift; sourceTree = "<group>"; };
		BE98C0932C6F4C620058D3FA /* JoinRequest.swift */ = {isa = PBXFileReference; lastKnownFileType = sourcecode.swift; path = JoinRequest.swift; sourceTree = "<group>"; };
		BE98C0952C6F4EB80058D3FA /* BackEndTargetType.swift */ = {isa = PBXFileReference; lastKnownFileType = sourcecode.swift; path = BackEndTargetType.swift; sourceTree = "<group>"; };
		BE98C0972C6F4F2B0058D3FA /* EmailRequest.swift */ = {isa = PBXFileReference; lastKnownFileType = sourcecode.swift; path = EmailRequest.swift; sourceTree = "<group>"; };
		BE98C0992C6F50120058D3FA /* RefreshTokenRequest.swift */ = {isa = PBXFileReference; lastKnownFileType = sourcecode.swift; path = RefreshTokenRequest.swift; sourceTree = "<group>"; };
		BE98C09B2C6F55BF0058D3FA /* WithDrawRequest.swift */ = {isa = PBXFileReference; lastKnownFileType = sourcecode.swift; path = WithDrawRequest.swift; sourceTree = "<group>"; };
		BE98C0A12C6F57600058D3FA /* CoinTests.xctest */ = {isa = PBXFileReference; explicitFileType = wrapper.cfbundle; includeInIndex = 0; path = CoinTests.xctest; sourceTree = BUILT_PRODUCTS_DIR; };
		BE98C0A32C6F57600058D3FA /* AuthTargetTests.swift */ = {isa = PBXFileReference; lastKnownFileType = sourcecode.swift; path = AuthTargetTests.swift; sourceTree = "<group>"; };
		BE98C0CB2C74B4320058D3FA /* UpdatePostError.swift */ = {isa = PBXFileReference; lastKnownFileType = sourcecode.swift; path = UpdatePostError.swift; sourceTree = "<group>"; };
		BE98C0CD2C74B4E30058D3FA /* DeletePostError.swift */ = {isa = PBXFileReference; lastKnownFileType = sourcecode.swift; path = DeletePostError.swift; sourceTree = "<group>"; };
		BE98C0CF2C74B54A0058D3FA /* CreatePostError.swift */ = {isa = PBXFileReference; lastKnownFileType = sourcecode.swift; path = CreatePostError.swift; sourceTree = "<group>"; };
		BE98C0D22C74B5E70058D3FA /* UploadImageDTO.swift */ = {isa = PBXFileReference; lastKnownFileType = sourcecode.swift; path = UploadImageDTO.swift; sourceTree = "<group>"; };
		BE98C0D42C74B71A0058D3FA /* CreatePostDTO.swift */ = {isa = PBXFileReference; lastKnownFileType = sourcecode.swift; path = CreatePostDTO.swift; sourceTree = "<group>"; };
		BE98C0D62C74B7600058D3FA /* Creator.swift */ = {isa = PBXFileReference; lastKnownFileType = sourcecode.swift; path = Creator.swift; sourceTree = "<group>"; };
		BE98C0D82C74B79C0058D3FA /* Comment.swift */ = {isa = PBXFileReference; lastKnownFileType = sourcecode.swift; path = Comment.swift; sourceTree = "<group>"; };
		BE98C0DA2C74B7F00058D3FA /* ReadPostDTO.swift */ = {isa = PBXFileReference; lastKnownFileType = sourcecode.swift; path = ReadPostDTO.swift; sourceTree = "<group>"; };
		BE98C0DC2C75E9340058D3FA /* EmptyResponse.swift */ = {isa = PBXFileReference; lastKnownFileType = sourcecode.swift; path = EmptyResponse.swift; sourceTree = "<group>"; };
		BE98C0DE2C75E9A50058D3FA /* EmailValidation.json */ = {isa = PBXFileReference; lastKnownFileType = text.json; path = EmailValidation.json; sourceTree = "<group>"; };
		BE98C0E02C75E9BA0058D3FA /* LoginWithProfileImage.json */ = {isa = PBXFileReference; lastKnownFileType = text.json; path = LoginWithProfileImage.json; sourceTree = "<group>"; };
		BE98C0E22C75E9C20058D3FA /* Login.json */ = {isa = PBXFileReference; lastKnownFileType = text.json; path = Login.json; sourceTree = "<group>"; };
		BE98C0E42C75E9CE0058D3FA /* RefreshToken.json */ = {isa = PBXFileReference; lastKnownFileType = text.json; path = RefreshToken.json; sourceTree = "<group>"; };
		BE98C0E62C75EA020058D3FA /* WithDraw.json */ = {isa = PBXFileReference; lastKnownFileType = text.json; path = WithDraw.json; sourceTree = "<group>"; };
		BE98C0E82C75EA0A0058D3FA /* UploadImage.json */ = {isa = PBXFileReference; lastKnownFileType = text.json; path = UploadImage.json; sourceTree = "<group>"; };
		BE98C0EA2C75EA130058D3FA /* CreatePost.json */ = {isa = PBXFileReference; lastKnownFileType = text.json; path = CreatePost.json; sourceTree = "<group>"; };
/* End PBXFileReference section */

/* Begin PBXFrameworksBuildPhase section */
		8EA517792C6DB0FB0029A356 /* Frameworks */ = {
			isa = PBXFrameworksBuildPhase;
			buildActionMask = 2147483647;
			files = (
				8EA517A72C6DDAB50029A356 /* Neat in Frameworks */,
				8EA517A42C6DDA680029A356 /* Kingfisher in Frameworks */,
				8EA517A12C6DD04F0029A356 /* RxMoya in Frameworks */,
			);
			runOnlyForDeploymentPostprocessing = 0;
		};
		BE98C09E2C6F57600058D3FA /* Frameworks */ = {
			isa = PBXFrameworksBuildPhase;
			buildActionMask = 2147483647;
			files = (
			);
			runOnlyForDeploymentPostprocessing = 0;
		};
/* End PBXFrameworksBuildPhase section */

/* Begin PBXGroup section */
		8EA517732C6DB0FB0029A356 = {
			isa = PBXGroup;
			children = (
				8EA517972C6DB99E0029A356 /* .gitignore */,
				8EA517992C6DBA550029A356 /* .gitmessage.txt */,
				8EA5177E2C6DB0FB0029A356 /* Coin */,
				BE98C0A22C6F57600058D3FA /* CoinTests */,
				8EA5177D2C6DB0FB0029A356 /* Products */,
			);
			sourceTree = "<group>";
		};
		8EA5177D2C6DB0FB0029A356 /* Products */ = {
			isa = PBXGroup;
			children = (
				8EA5177C2C6DB0FB0029A356 /* Coin.app */,
				BE98C0A12C6F57600058D3FA /* CoinTests.xctest */,
			);
			name = Products;
			sourceTree = "<group>";
		};
		8EA5177E2C6DB0FB0029A356 /* Coin */ = {
			isa = PBXGroup;
			children = (
				8EA517942C6DB7A00029A356 /* Resources */,
				8EA517932C6DB79C0029A356 /* Sources */,
			);
			path = Coin;
			sourceTree = "<group>";
		};
		8EA517932C6DB79C0029A356 /* Sources */ = {
			isa = PBXGroup;
			children = (
				8EA517952C6DB7D50029A356 /* App */,
				BE98C08C2C6F4A870058D3FA /* Data */,
				BE98C08D2C6F4B540058D3FA /* Domain */,
				8EA5179C2C6DBEDC0029A356 /* Foundation */,
				8EA517962C6DB7EB0029A356 /* Presentation */,
			);
			path = Sources;
			sourceTree = "<group>";
		};
		8EA517942C6DB7A00029A356 /* Resources */ = {
			isa = PBXGroup;
			children = (
				8EA517882C6DB0FD0029A356 /* Assets.xcassets */,
				8EA5178A2C6DB0FD0029A356 /* LaunchScreen.storyboard */,
				8EA5178D2C6DB0FD0029A356 /* Info.plist */,
				8EA5179B2C6DBBE90029A356 /* Secret.xcconfig */,
			);
			path = Resources;
			sourceTree = "<group>";
		};
		8EA517952C6DB7D50029A356 /* App */ = {
			isa = PBXGroup;
			children = (
				8EA5177F2C6DB0FB0029A356 /* AppDelegate.swift */,
				8EA517812C6DB0FB0029A356 /* SceneDelegate.swift */,
				8ED3DE972C761BDD00126BD4 /* AppDelegate+Register.swift */,
			);
			path = App;
			sourceTree = "<group>";
		};
		8EA517962C6DB7EB0029A356 /* Presentation */ = {
			isa = PBXGroup;
			children = (
				8EA517832C6DB0FB0029A356 /* ViewController.swift */,
			);
			path = Presentation;
			sourceTree = "<group>";
		};
		8EA5179C2C6DBEDC0029A356 /* Foundation */ = {
			isa = PBXGroup;
			children = (
				8EA5179D2C6DBEEA0029A356 /* Secret.swift */,
				8ED3DE422C73412800126BD4 /* Extension */,
				8ED3DE2F2C73376600126BD4 /* DependencyInjection */,
			);
			path = Foundation;
			sourceTree = "<group>";
		};
		8EA517A82C6DE3E40029A356 /* Target */ = {
			isa = PBXGroup;
			children = (
				8EA517A92C6DEF7C0029A356 /* AuthTarget.swift */,
				8ED3DDEA2C720C1200126BD4 /* PostTarget.swift */,
				8ED3DE102C73253200126BD4 /* CommentTarget.swift */,
				8ED3DE1B2C7329FF00126BD4 /* LikeTarget.swift */,
				8ED3DE262C7330C800126BD4 /* ProfileTarget.swift */,
				8EA517AB2C6DEFF90029A356 /* TargetProvider.swift */,
				BE98C0952C6F4EB80058D3FA /* BackEndTargetType.swift */,
			);
			path = Target;
			sourceTree = "<group>";
		};
		8ED3DDEC2C720E0A00126BD4 /* Auth */ = {
			isa = PBXGroup;
			children = (
				BE98C08F2C6F4B610058D3FA /* LoginRequest.swift */,
				BE98C0932C6F4C620058D3FA /* JoinRequest.swift */,
				BE98C0972C6F4F2B0058D3FA /* EmailRequest.swift */,
				BE98C0992C6F50120058D3FA /* RefreshTokenRequest.swift */,
				BE98C09B2C6F55BF0058D3FA /* WithDrawRequest.swift */,
			);
			path = Auth;
			sourceTree = "<group>";
		};
		8ED3DDED2C720E1000126BD4 /* Post */ = {
			isa = PBXGroup;
			children = (
				8ED3DDEE2C720E1400126BD4 /* CreatePostRequest.swift */,
				8ED3DE042C72E2EF00126BD4 /* DeletePostRequest.swift */,
				8ED3DE022C72E1B200126BD4 /* UpdatePostRequest.swift */,
				8ED3DDF02C720F3D00126BD4 /* UploadImageRequest.swift */,
				8ED3DDFD2C72DBFE00126BD4 /* ReadPostsRequest.swift */,
				8ED3DE002C72DF0800126BD4 /* ReadPostWithIDRequest.swift */,
				8ED3DE092C72EE7600126BD4 /* ReadPostsByUserRequest.swift */,
				8ED3DE242C732F7100126BD4 /* ReadPostsByHashtagRequest.swift */,
			);
			path = Post;
			sourceTree = "<group>";
		};
		8ED3DE0D2C73218600126BD4 /* Target */ = {
			isa = PBXGroup;
			children = (
				BE98C0A32C6F57600058D3FA /* AuthTargetTests.swift */,
				8ED3DE0B2C73202C00126BD4 /* PostTargetTests.swift */,
				8ED3DE192C73283B00126BD4 /* CommentTargetTests.swift */,
				8ED3DE222C732CBD00126BD4 /* LikeTargetTests.swift */,
				8ED3DE2D2C7336BE00126BD4 /* ProfileTargetTests.swift */,
			);
			path = Target;
			sourceTree = "<group>";
		};
		8ED3DE122C73257600126BD4 /* Comment */ = {
			isa = PBXGroup;
			children = (
				8ED3DE132C73257E00126BD4 /* CreateCommentRequest.swift */,
				8ED3DE152C73269800126BD4 /* UpdateCommentRequest.swift */,
				8ED3DE172C7327AD00126BD4 /* DeleteCommentRequest.swift */,
			);
			path = Comment;
			sourceTree = "<group>";
		};
		8ED3DE1D2C732A6F00126BD4 /* Like */ = {
			isa = PBXGroup;
			children = (
				8ED3DE1E2C732A7200126BD4 /* UpdateLikeRequest.swift */,
				8ED3DE202C732BAE00126BD4 /* ReadLikedPostsRequest.swift */,
			);
			path = Like;
			sourceTree = "<group>";
		};
		8ED3DE282C7331D300126BD4 /* User */ = {
			isa = PBXGroup;
			children = (
				8ED3DE292C7331D600126BD4 /* ReadProfileRequest.swift */,
				8ED3DE2B2C7331DC00126BD4 /* UpdateProfileRequest.swift */,
			);
			path = User;
			sourceTree = "<group>";
		};
		8ED3DE2F2C73376600126BD4 /* DependencyInjection */ = {
			isa = PBXGroup;
			children = (
				8ED3DE302C73376E00126BD4 /* DIContainer.swift */,
				8ED3DE322C73393C00126BD4 /* Injected.swift */,
			);
			path = DependencyInjection;
			sourceTree = "<group>";
		};
		8ED3DE3A2C733B0600126BD4 /* Error */ = {
			isa = PBXGroup;
			children = (
				8ED3DE3B2C733B3000126BD4 /* BackEndError.swift */,
				8ED3DE8A2C75FB5A00126BD4 /* Like */,
				8ED3DE7E2C75F64300126BD4 /* Comment */,
				8ED3DE5B2C736AE900126BD4 /* Post */,
				8ED3DE552C73646400126BD4 /* Auth */,
			);
			path = Error;
			sourceTree = "<group>";
		};
		8ED3DE3F2C73409600126BD4 /* DTO */ = {
			isa = PBXGroup;
			children = (
				BE98C0DC2C75E9340058D3FA /* EmptyResponse.swift */,
				BE98C0D12C74B5DD0058D3FA /* Post */,
				8ED3DE5A2C7365D200126BD4 /* Auth */,
			);
			path = DTO;
			sourceTree = "<group>";
		};
		8ED3DE422C73412800126BD4 /* Extension */ = {
			isa = PBXGroup;
			children = (
				8ED3DE432C73412F00126BD4 /* Single+.swift */,
			);
			path = Extension;
			sourceTree = "<group>";
		};
		8ED3DE462C7341E600126BD4 /* Mock */ = {
			isa = PBXGroup;
			children = (
				8ED3DE8D2C75FBE800126BD4 /* Like */,
				8ED3DE832C75F73900126BD4 /* Comment */,
				8ED3DE822C75F73400126BD4 /* Post */,
				8ED3DE812C75F71300126BD4 /* Auth */,
			);
			path = Mock;
			sourceTree = "<group>";
		};
		8ED3DE552C73646400126BD4 /* Auth */ = {
			isa = PBXGroup;
			children = (
				8ED3DE3D2C733D0700126BD4 /* JoinError.swift */,
				8ED3DE492C73424E00126BD4 /* EmailValidationError.swift */,
				8ED3DE4F2C73438800126BD4 /* LoginError.swift */,
				8ED3DE512C7343ED00126BD4 /* RefreshTokenError.swift */,
				8ED3DE532C73646100126BD4 /* WithDrawError.swift */,
			);
			path = Auth;
			sourceTree = "<group>";
		};
		8ED3DE5A2C7365D200126BD4 /* Auth */ = {
			isa = PBXGroup;
			children = (
				8ED3DE402C7340D900126BD4 /* JoinDTO.swift */,
				8ED3DE4B2C7342B100126BD4 /* EmailValidationDTO.swift */,
				8ED3DE4D2C73435900126BD4 /* LoginDTO.swift */,
				8ED3DE562C73650100126BD4 /* RefreshTokenDTO.swift */,
				8ED3DE582C73651500126BD4 /* WithDrawDTO.swift */,
			);
			path = Auth;
			sourceTree = "<group>";
		};
		8ED3DE5B2C736AE900126BD4 /* Post */ = {
			isa = PBXGroup;
			children = (
				8ED3DE5C2C736AF400126BD4 /* UploadImageError.swift */,
				BE98C0CF2C74B54A0058D3FA /* CreatePostError.swift */,
				BE98C0CB2C74B4320058D3FA /* UpdatePostError.swift */,
				BE98C0CD2C74B4E30058D3FA /* DeletePostError.swift */,
			);
			path = Post;
			sourceTree = "<group>";
		};
		8ED3DE7E2C75F64300126BD4 /* Comment */ = {
			isa = PBXGroup;
			children = (
				8ED3DE7F2C75F64F00126BD4 /* CreateCommentError.swift */,
				8ED3DE862C75F8F900126BD4 /* UpdateCommentError.swift */,
				8ED3DE882C75FA8100126BD4 /* DeleteCommentError.swift */,
			);
			path = Comment;
			sourceTree = "<group>";
		};
		8ED3DE812C75F71300126BD4 /* Auth */ = {
			isa = PBXGroup;
			children = (
				8ED3DE472C7341FA00126BD4 /* JoinDTO.json */,
				BE98C0E62C75EA020058D3FA /* WithDraw.json */,
				BE98C0E42C75E9CE0058D3FA /* RefreshToken.json */,
				BE98C0E02C75E9BA0058D3FA /* LoginWithProfileImage.json */,
				BE98C0E22C75E9C20058D3FA /* Login.json */,
				BE98C0DE2C75E9A50058D3FA /* EmailValidation.json */,
			);
			path = Auth;
			sourceTree = "<group>";
		};
		8ED3DE822C75F73400126BD4 /* Post */ = {
			isa = PBXGroup;
			children = (
				BE98C0EA2C75EA130058D3FA /* CreatePost.json */,
				BE98C0E82C75EA0A0058D3FA /* UploadImage.json */,
			);
			path = Post;
			sourceTree = "<group>";
		};
		8ED3DE832C75F73900126BD4 /* Comment */ = {
			isa = PBXGroup;
			children = (
				8ED3DE842C75F75A00126BD4 /* CreateComment.json */,
			);
			path = Comment;
			sourceTree = "<group>";
		};
		8ED3DE8A2C75FB5A00126BD4 /* Like */ = {
			isa = PBXGroup;
			children = (
				8ED3DE8B2C75FB6300126BD4 /* UpdateLikeError.swift */,
				8ED3DE902C75FC2800126BD4 /* ReadLikedPostsError.swift */,
			);
			path = Like;
			sourceTree = "<group>";
		};
		8ED3DE8D2C75FBE800126BD4 /* Like */ = {
			isa = PBXGroup;
			children = (
				8ED3DE8E2C75FBF800126BD4 /* UpdateLike.json */,
			);
			path = Like;
			sourceTree = "<group>";
		};
		8ED3DE942C76092000126BD4 /* NetworkService */ = {
			isa = PBXGroup;
			children = (
				8ED3DE922C7608EB00126BD4 /* NetworkService.swift */,
				8ED3DE952C76092F00126BD4 /* DefaultNetworkService.swift */,
			);
			path = NetworkService;
			sourceTree = "<group>";
		};
		BE98C08B2C6F4A7F0058D3FA /* Network */ = {
			isa = PBXGroup;
			children = (
				8ED3DE942C76092000126BD4 /* NetworkService */,
				8ED3DE3A2C733B0600126BD4 /* Error */,
				8EA517A82C6DE3E40029A356 /* Target */,
			);
			path = Network;
			sourceTree = "<group>";
		};
		BE98C08C2C6F4A870058D3FA /* Data */ = {
			isa = PBXGroup;
			children = (
				8ED3DE3F2C73409600126BD4 /* DTO */,
				BE98C08B2C6F4A7F0058D3FA /* Network */,
			);
			path = Data;
			sourceTree = "<group>";
		};
		BE98C08D2C6F4B540058D3FA /* Domain */ = {
			isa = PBXGroup;
			children = (
				BE98C0912C6F4C4C0058D3FA /* RequestProvider.swift */,
				BE98C08E2C6F4B560058D3FA /* Request */,
			);
			path = Domain;
			sourceTree = "<group>";
		};
		BE98C08E2C6F4B560058D3FA /* Request */ = {
			isa = PBXGroup;
			children = (
				8ED3DDF22C720F8300126BD4 /* AccessTokenHeader.swift */,
				8ED3DE282C7331D300126BD4 /* User */,
				8ED3DE1D2C732A6F00126BD4 /* Like */,
				8ED3DE122C73257600126BD4 /* Comment */,
				8ED3DDED2C720E1000126BD4 /* Post */,
				8ED3DDEC2C720E0A00126BD4 /* Auth */,
			);
			path = Request;
			sourceTree = "<group>";
		};
		BE98C0A22C6F57600058D3FA /* CoinTests */ = {
			isa = PBXGroup;
			children = (
				8ED3DE462C7341E600126BD4 /* Mock */,
				8ED3DE0D2C73218600126BD4 /* Target */,
			);
			path = CoinTests;
			sourceTree = "<group>";
		};
		BE98C0D12C74B5DD0058D3FA /* Post */ = {
			isa = PBXGroup;
			children = (
				BE98C0D62C74B7600058D3FA /* Creator.swift */,
				BE98C0D82C74B79C0058D3FA /* Comment.swift */,
				BE98C0D22C74B5E70058D3FA /* UploadImageDTO.swift */,
				BE98C0DA2C74B7F00058D3FA /* ReadPostDTO.swift */,
				BE98C0D42C74B71A0058D3FA /* CreatePostDTO.swift */,
			);
			path = Post;
			sourceTree = "<group>";
		};
/* End PBXGroup section */

/* Begin PBXNativeTarget section */
		8EA5177B2C6DB0FB0029A356 /* Coin */ = {
			isa = PBXNativeTarget;
			buildConfigurationList = 8EA517902C6DB0FD0029A356 /* Build configuration list for PBXNativeTarget "Coin" */;
			buildPhases = (
				8EA517782C6DB0FB0029A356 /* Sources */,
				8EA517792C6DB0FB0029A356 /* Frameworks */,
				8EA5177A2C6DB0FB0029A356 /* Resources */,
				BE98C0C72C70B4760058D3FA /* Embed Frameworks */,
			);
			buildRules = (
			);
			dependencies = (
			);
			name = Coin;
			packageProductDependencies = (
				8EA517A02C6DD04F0029A356 /* RxMoya */,
				8EA517A32C6DDA680029A356 /* Kingfisher */,
				8EA517A62C6DDAB50029A356 /* Neat */,
			);
			productName = Coin;
			productReference = 8EA5177C2C6DB0FB0029A356 /* Coin.app */;
			productType = "com.apple.product-type.application";
		};
		BE98C0A02C6F57600058D3FA /* CoinTests */ = {
			isa = PBXNativeTarget;
			buildConfigurationList = BE98C0A72C6F57600058D3FA /* Build configuration list for PBXNativeTarget "CoinTests" */;
			buildPhases = (
				BE98C09D2C6F57600058D3FA /* Sources */,
				BE98C09E2C6F57600058D3FA /* Frameworks */,
				BE98C09F2C6F57600058D3FA /* Resources */,
			);
			buildRules = (
			);
			dependencies = (
				BE98C0A62C6F57600058D3FA /* PBXTargetDependency */,
			);
			name = CoinTests;
			productName = CoinTests;
			productReference = BE98C0A12C6F57600058D3FA /* CoinTests.xctest */;
			productType = "com.apple.product-type.bundle.unit-test";
		};
/* End PBXNativeTarget section */

/* Begin PBXProject section */
		8EA517742C6DB0FB0029A356 /* Project object */ = {
			isa = PBXProject;
			attributes = {
				BuildIndependentTargetsInParallel = 1;
				LastSwiftUpdateCheck = 1540;
				LastUpgradeCheck = 1530;
				TargetAttributes = {
					8EA5177B2C6DB0FB0029A356 = {
						CreatedOnToolsVersion = 15.3;
					};
					BE98C0A02C6F57600058D3FA = {
						CreatedOnToolsVersion = 15.4;
						TestTargetID = 8EA5177B2C6DB0FB0029A356;
					};
				};
			};
			buildConfigurationList = 8EA517772C6DB0FB0029A356 /* Build configuration list for PBXProject "Coin" */;
			compatibilityVersion = "Xcode 14.0";
			developmentRegion = en;
			hasScannedForEncodings = 0;
			knownRegions = (
				en,
				Base,
			);
			mainGroup = 8EA517732C6DB0FB0029A356;
			packageReferences = (
				8EA5179F2C6DD04F0029A356 /* XCRemoteSwiftPackageReference "Moya" */,
				8EA517A22C6DDA680029A356 /* XCRemoteSwiftPackageReference "Kingfisher" */,
				8EA517A52C6DDAB50029A356 /* XCRemoteSwiftPackageReference "Neat" */,
			);
			productRefGroup = 8EA5177D2C6DB0FB0029A356 /* Products */;
			projectDirPath = "";
			projectRoot = "";
			targets = (
				8EA5177B2C6DB0FB0029A356 /* Coin */,
				BE98C0A02C6F57600058D3FA /* CoinTests */,
			);
		};
/* End PBXProject section */

/* Begin PBXResourcesBuildPhase section */
		8EA5177A2C6DB0FB0029A356 /* Resources */ = {
			isa = PBXResourcesBuildPhase;
			buildActionMask = 2147483647;
			files = (
				8EA5179A2C6DBA550029A356 /* .gitmessage.txt in Resources */,
				8EA517892C6DB0FD0029A356 /* Assets.xcassets in Resources */,
				8EA517982C6DB99E0029A356 /* .gitignore in Resources */,
				8EA5178C2C6DB0FD0029A356 /* Base in Resources */,
			);
			runOnlyForDeploymentPostprocessing = 0;
		};
		BE98C09F2C6F57600058D3FA /* Resources */ = {
			isa = PBXResourcesBuildPhase;
			buildActionMask = 2147483647;
			files = (
				BE98C0E92C75EA0A0058D3FA /* UploadImage.json in Resources */,
				BE98C0EB2C75EA130058D3FA /* CreatePost.json in Resources */,
				8ED3DE482C7341FA00126BD4 /* JoinDTO.json in Resources */,
				BE98C0E72C75EA020058D3FA /* WithDraw.json in Resources */,
				8ED3DE852C75F75A00126BD4 /* CreateComment.json in Resources */,
				8ED3DE8F2C75FBF800126BD4 /* UpdateLike.json in Resources */,
				BE98C0DF2C75E9A50058D3FA /* EmailValidation.json in Resources */,
				BE98C0E52C75E9CE0058D3FA /* RefreshToken.json in Resources */,
				BE98C0E12C75E9BA0058D3FA /* LoginWithProfileImage.json in Resources */,
				BE98C0E32C75E9C20058D3FA /* Login.json in Resources */,
			);
			runOnlyForDeploymentPostprocessing = 0;
		};
/* End PBXResourcesBuildPhase section */

/* Begin PBXSourcesBuildPhase section */
		8EA517782C6DB0FB0029A356 /* Sources */ = {
			isa = PBXSourcesBuildPhase;
			buildActionMask = 2147483647;
			files = (
				8ED3DE8C2C75FB6300126BD4 /* UpdateLikeError.swift in Sources */,
				BE98C0DD2C75E9340058D3FA /* EmptyResponse.swift in Sources */,
				8EA517842C6DB0FB0029A356 /* ViewController.swift in Sources */,
				8ED3DE252C732F7100126BD4 /* ReadPostsByHashtagRequest.swift in Sources */,
				BE98C0D72C74B7600058D3FA /* Creator.swift in Sources */,
				8ED3DE872C75F8F900126BD4 /* UpdateCommentError.swift in Sources */,
				8EA517AC2C6DEFF90029A356 /* TargetProvider.swift in Sources */,
				8ED3DE5D2C736AF400126BD4 /* UploadImageError.swift in Sources */,
				8ED3DDEB2C720C1200126BD4 /* PostTarget.swift in Sources */,
				BE98C0982C6F4F2B0058D3FA /* EmailRequest.swift in Sources */,
				8ED3DE412C7340D900126BD4 /* JoinDTO.swift in Sources */,
				8ED3DDFE2C72DBFE00126BD4 /* ReadPostsRequest.swift in Sources */,
				8ED3DE142C73257E00126BD4 /* CreateCommentRequest.swift in Sources */,
				8ED3DE932C7608EB00126BD4 /* NetworkService.swift in Sources */,
				8ED3DE3C2C733B3000126BD4 /* BackEndError.swift in Sources */,
				8ED3DE012C72DF0800126BD4 /* ReadPostWithIDRequest.swift in Sources */,
				BE98C0D02C74B54A0058D3FA /* CreatePostError.swift in Sources */,
				8ED3DE272C7330C800126BD4 /* ProfileTarget.swift in Sources */,
				8ED3DE2A2C7331D600126BD4 /* ReadProfileRequest.swift in Sources */,
				8ED3DE112C73253200126BD4 /* CommentTarget.swift in Sources */,
				8ED3DE2C2C7331DC00126BD4 /* UpdateProfileRequest.swift in Sources */,
				8ED3DE162C73269800126BD4 /* UpdateCommentRequest.swift in Sources */,
				8ED3DDF12C720F3D00126BD4 /* UploadImageRequest.swift in Sources */,
				BE98C0962C6F4EB80058D3FA /* BackEndTargetType.swift in Sources */,
				BE98C0D92C74B79C0058D3FA /* Comment.swift in Sources */,
				8ED3DDEF2C720E1400126BD4 /* CreatePostRequest.swift in Sources */,
				8ED3DE4C2C7342B100126BD4 /* EmailValidationDTO.swift in Sources */,
				8ED3DE4E2C73435900126BD4 /* LoginDTO.swift in Sources */,
				8ED3DE522C7343ED00126BD4 /* RefreshTokenError.swift in Sources */,
				8ED3DE182C7327AD00126BD4 /* DeleteCommentRequest.swift in Sources */,
				8ED3DE1C2C7329FF00126BD4 /* LikeTarget.swift in Sources */,
				8ED3DE212C732BAE00126BD4 /* ReadLikedPostsRequest.swift in Sources */,
				8ED3DE442C73412F00126BD4 /* Single+.swift in Sources */,
				BE98C0DB2C74B7F00058D3FA /* ReadPostDTO.swift in Sources */,
				8EA5179E2C6DBEEA0029A356 /* Secret.swift in Sources */,
				8EA517802C6DB0FB0029A356 /* AppDelegate.swift in Sources */,
				BE98C09A2C6F50120058D3FA /* RefreshTokenRequest.swift in Sources */,
				BE98C0D32C74B5E70058D3FA /* UploadImageDTO.swift in Sources */,
				8ED3DE502C73438800126BD4 /* LoginError.swift in Sources */,
				8ED3DE312C73376E00126BD4 /* DIContainer.swift in Sources */,
				8ED3DE032C72E1B200126BD4 /* UpdatePostRequest.swift in Sources */,
				8ED3DE892C75FA8100126BD4 /* DeleteCommentError.swift in Sources */,
				8EA517AA2C6DEF7C0029A356 /* AuthTarget.swift in Sources */,
				8ED3DE052C72E2EF00126BD4 /* DeletePostRequest.swift in Sources */,
				BE98C09C2C6F55C00058D3FA /* WithDrawRequest.swift in Sources */,
				BE98C0CC2C74B4320058D3FA /* UpdatePostError.swift in Sources */,
				8ED3DE542C73646100126BD4 /* WithDrawError.swift in Sources */,
				BE98C0922C6F4C4C0058D3FA /* RequestProvider.swift in Sources */,
				8ED3DE3E2C733D0700126BD4 /* JoinError.swift in Sources */,
				BE98C0942C6F4C620058D3FA /* JoinRequest.swift in Sources */,
				8ED3DDF32C720F8300126BD4 /* AccessTokenHeader.swift in Sources */,
				BE98C0D52C74B71A0058D3FA /* CreatePostDTO.swift in Sources */,
				8ED3DE802C75F64F00126BD4 /* CreateCommentError.swift in Sources */,
				8ED3DE4A2C73424E00126BD4 /* EmailValidationError.swift in Sources */,
				8ED3DE962C76092F00126BD4 /* DefaultNetworkService.swift in Sources */,
				8ED3DE332C73393C00126BD4 /* Injected.swift in Sources */,
				8ED3DE912C75FC2800126BD4 /* ReadLikedPostsError.swift in Sources */,
				8ED3DE592C73651500126BD4 /* WithDrawDTO.swift in Sources */,
				8ED3DE572C73650100126BD4 /* RefreshTokenDTO.swift in Sources */,
				8ED3DE0A2C72EE7600126BD4 /* ReadPostsByUserRequest.swift in Sources */,
				8EA517822C6DB0FB0029A356 /* SceneDelegate.swift in Sources */,
				8ED3DE982C761BDD00126BD4 /* AppDelegate+Register.swift in Sources */,
				BE98C0CE2C74B4E30058D3FA /* DeletePostError.swift in Sources */,
				BE98C0902C6F4B610058D3FA /* LoginRequest.swift in Sources */,
				8ED3DE1F2C732A7200126BD4 /* UpdateLikeRequest.swift in Sources */,
			);
			runOnlyForDeploymentPostprocessing = 0;
		};
		BE98C09D2C6F57600058D3FA /* Sources */ = {
			isa = PBXSourcesBuildPhase;
			buildActionMask = 2147483647;
			files = (
				8ED3DE2E2C7336BE00126BD4 /* ProfileTargetTests.swift in Sources */,
				8ED3DE1A2C73283B00126BD4 /* CommentTargetTests.swift in Sources */,
				8ED3DE0C2C73202C00126BD4 /* PostTargetTests.swift in Sources */,
				BE98C0A42C6F57600058D3FA /* AuthTargetTests.swift in Sources */,
				8ED3DE232C732CBD00126BD4 /* LikeTargetTests.swift in Sources */,
			);
			runOnlyForDeploymentPostprocessing = 0;
		};
/* End PBXSourcesBuildPhase section */

/* Begin PBXTargetDependency section */
		BE98C0A62C6F57600058D3FA /* PBXTargetDependency */ = {
			isa = PBXTargetDependency;
			target = 8EA5177B2C6DB0FB0029A356 /* Coin */;
			targetProxy = BE98C0A52C6F57600058D3FA /* PBXContainerItemProxy */;
		};
/* End PBXTargetDependency section */

/* Begin PBXVariantGroup section */
		8EA5178A2C6DB0FD0029A356 /* LaunchScreen.storyboard */ = {
			isa = PBXVariantGroup;
			children = (
				8EA5178B2C6DB0FD0029A356 /* Base */,
			);
			name = LaunchScreen.storyboard;
			sourceTree = "<group>";
		};
/* End PBXVariantGroup section */

/* Begin XCBuildConfiguration section */
		8EA5178E2C6DB0FD0029A356 /* Debug */ = {
			isa = XCBuildConfiguration;
			baseConfigurationReference = 8EA5179B2C6DBBE90029A356 /* Secret.xcconfig */;
			buildSettings = {
				ALWAYS_SEARCH_USER_PATHS = NO;
				ASSETCATALOG_COMPILER_GENERATE_SWIFT_ASSET_SYMBOL_EXTENSIONS = YES;
				CLANG_ANALYZER_NONNULL = YES;
				CLANG_ANALYZER_NUMBER_OBJECT_CONVERSION = YES_AGGRESSIVE;
				CLANG_CXX_LANGUAGE_STANDARD = "gnu++20";
				CLANG_ENABLE_MODULES = YES;
				CLANG_ENABLE_OBJC_ARC = YES;
				CLANG_ENABLE_OBJC_WEAK = YES;
				CLANG_WARN_BLOCK_CAPTURE_AUTORELEASING = YES;
				CLANG_WARN_BOOL_CONVERSION = YES;
				CLANG_WARN_COMMA = YES;
				CLANG_WARN_CONSTANT_CONVERSION = YES;
				CLANG_WARN_DEPRECATED_OBJC_IMPLEMENTATIONS = YES;
				CLANG_WARN_DIRECT_OBJC_ISA_USAGE = YES_ERROR;
				CLANG_WARN_DOCUMENTATION_COMMENTS = YES;
				CLANG_WARN_EMPTY_BODY = YES;
				CLANG_WARN_ENUM_CONVERSION = YES;
				CLANG_WARN_INFINITE_RECURSION = YES;
				CLANG_WARN_INT_CONVERSION = YES;
				CLANG_WARN_NON_LITERAL_NULL_CONVERSION = YES;
				CLANG_WARN_OBJC_IMPLICIT_RETAIN_SELF = YES;
				CLANG_WARN_OBJC_LITERAL_CONVERSION = YES;
				CLANG_WARN_OBJC_ROOT_CLASS = YES_ERROR;
				CLANG_WARN_QUOTED_INCLUDE_IN_FRAMEWORK_HEADER = YES;
				CLANG_WARN_RANGE_LOOP_ANALYSIS = YES;
				CLANG_WARN_STRICT_PROTOTYPES = YES;
				CLANG_WARN_SUSPICIOUS_MOVE = YES;
				CLANG_WARN_UNGUARDED_AVAILABILITY = YES_AGGRESSIVE;
				CLANG_WARN_UNREACHABLE_CODE = YES;
				CLANG_WARN__DUPLICATE_METHOD_MATCH = YES;
				COPY_PHASE_STRIP = NO;
				DEBUG_INFORMATION_FORMAT = dwarf;
				ENABLE_STRICT_OBJC_MSGSEND = YES;
				ENABLE_TESTABILITY = YES;
				ENABLE_USER_SCRIPT_SANDBOXING = YES;
				GCC_C_LANGUAGE_STANDARD = gnu17;
				GCC_DYNAMIC_NO_PIC = NO;
				GCC_NO_COMMON_BLOCKS = YES;
				GCC_OPTIMIZATION_LEVEL = 0;
				GCC_PREPROCESSOR_DEFINITIONS = (
					"DEBUG=1",
					"$(inherited)",
				);
				GCC_WARN_64_TO_32_BIT_CONVERSION = YES;
				GCC_WARN_ABOUT_RETURN_TYPE = YES_ERROR;
				GCC_WARN_UNDECLARED_SELECTOR = YES;
				GCC_WARN_UNINITIALIZED_AUTOS = YES_AGGRESSIVE;
				GCC_WARN_UNUSED_FUNCTION = YES;
				GCC_WARN_UNUSED_VARIABLE = YES;
				IPHONEOS_DEPLOYMENT_TARGET = 15.0;
				LOCALIZATION_PREFERS_STRING_CATALOGS = YES;
				MTL_ENABLE_DEBUG_INFO = INCLUDE_SOURCE;
				MTL_FAST_MATH = YES;
				ONLY_ACTIVE_ARCH = YES;
				OTHER_LDFLAGS = "";
				SDKROOT = iphoneos;
				SWIFT_ACTIVE_COMPILATION_CONDITIONS = "DEBUG $(inherited)";
				SWIFT_OPTIMIZATION_LEVEL = "-Onone";
			};
			name = Debug;
		};
		8EA5178F2C6DB0FD0029A356 /* Release */ = {
			isa = XCBuildConfiguration;
			buildSettings = {
				ALWAYS_SEARCH_USER_PATHS = NO;
				ASSETCATALOG_COMPILER_GENERATE_SWIFT_ASSET_SYMBOL_EXTENSIONS = YES;
				CLANG_ANALYZER_NONNULL = YES;
				CLANG_ANALYZER_NUMBER_OBJECT_CONVERSION = YES_AGGRESSIVE;
				CLANG_CXX_LANGUAGE_STANDARD = "gnu++20";
				CLANG_ENABLE_MODULES = YES;
				CLANG_ENABLE_OBJC_ARC = YES;
				CLANG_ENABLE_OBJC_WEAK = YES;
				CLANG_WARN_BLOCK_CAPTURE_AUTORELEASING = YES;
				CLANG_WARN_BOOL_CONVERSION = YES;
				CLANG_WARN_COMMA = YES;
				CLANG_WARN_CONSTANT_CONVERSION = YES;
				CLANG_WARN_DEPRECATED_OBJC_IMPLEMENTATIONS = YES;
				CLANG_WARN_DIRECT_OBJC_ISA_USAGE = YES_ERROR;
				CLANG_WARN_DOCUMENTATION_COMMENTS = YES;
				CLANG_WARN_EMPTY_BODY = YES;
				CLANG_WARN_ENUM_CONVERSION = YES;
				CLANG_WARN_INFINITE_RECURSION = YES;
				CLANG_WARN_INT_CONVERSION = YES;
				CLANG_WARN_NON_LITERAL_NULL_CONVERSION = YES;
				CLANG_WARN_OBJC_IMPLICIT_RETAIN_SELF = YES;
				CLANG_WARN_OBJC_LITERAL_CONVERSION = YES;
				CLANG_WARN_OBJC_ROOT_CLASS = YES_ERROR;
				CLANG_WARN_QUOTED_INCLUDE_IN_FRAMEWORK_HEADER = YES;
				CLANG_WARN_RANGE_LOOP_ANALYSIS = YES;
				CLANG_WARN_STRICT_PROTOTYPES = YES;
				CLANG_WARN_SUSPICIOUS_MOVE = YES;
				CLANG_WARN_UNGUARDED_AVAILABILITY = YES_AGGRESSIVE;
				CLANG_WARN_UNREACHABLE_CODE = YES;
				CLANG_WARN__DUPLICATE_METHOD_MATCH = YES;
				COPY_PHASE_STRIP = NO;
				DEBUG_INFORMATION_FORMAT = "dwarf-with-dsym";
				ENABLE_NS_ASSERTIONS = NO;
				ENABLE_STRICT_OBJC_MSGSEND = YES;
				ENABLE_USER_SCRIPT_SANDBOXING = YES;
				GCC_C_LANGUAGE_STANDARD = gnu17;
				GCC_NO_COMMON_BLOCKS = YES;
				GCC_WARN_64_TO_32_BIT_CONVERSION = YES;
				GCC_WARN_ABOUT_RETURN_TYPE = YES_ERROR;
				GCC_WARN_UNDECLARED_SELECTOR = YES;
				GCC_WARN_UNINITIALIZED_AUTOS = YES_AGGRESSIVE;
				GCC_WARN_UNUSED_FUNCTION = YES;
				GCC_WARN_UNUSED_VARIABLE = YES;
				IPHONEOS_DEPLOYMENT_TARGET = 15.0;
				LOCALIZATION_PREFERS_STRING_CATALOGS = YES;
				MTL_ENABLE_DEBUG_INFO = NO;
				MTL_FAST_MATH = YES;
				OTHER_LDFLAGS = "";
				SDKROOT = iphoneos;
				SWIFT_COMPILATION_MODE = wholemodule;
				VALIDATE_PRODUCT = YES;
			};
			name = Release;
		};
		8EA517912C6DB0FD0029A356 /* Debug */ = {
			isa = XCBuildConfiguration;
			baseConfigurationReference = 8EA5179B2C6DBBE90029A356 /* Secret.xcconfig */;
			buildSettings = {
				ASSETCATALOG_COMPILER_APPICON_NAME = AppIcon;
				ASSETCATALOG_COMPILER_GLOBAL_ACCENT_COLOR_NAME = AccentColor;
				CODE_SIGN_STYLE = Automatic;
				CURRENT_PROJECT_VERSION = 1;
				DEVELOPMENT_TEAM = ASU4PNB5MG;
				GENERATE_INFOPLIST_FILE = YES;
				INFOPLIST_FILE = Coin/Resources/Info.plist;
				INFOPLIST_KEY_UIApplicationSupportsIndirectInputEvents = YES;
				INFOPLIST_KEY_UILaunchStoryboardName = LaunchScreen;
				INFOPLIST_KEY_UISupportedInterfaceOrientations = UIInterfaceOrientationPortrait;
				INFOPLIST_KEY_UISupportedInterfaceOrientations_iPad = "UIInterfaceOrientationLandscapeLeft UIInterfaceOrientationLandscapeRight UIInterfaceOrientationPortrait UIInterfaceOrientationPortraitUpsideDown";
				INFOPLIST_PREPROCESS = YES;
				LD_RUNPATH_SEARCH_PATHS = (
					"$(inherited)",
					"@executable_path/Frameworks",
				);
				MARKETING_VERSION = 1.0;
				PRODUCT_BUNDLE_IDENTIFIER = com.GeonSeobKim.Coin;
				PRODUCT_NAME = "$(TARGET_NAME)";
				SUPPORTED_PLATFORMS = "iphoneos iphonesimulator";
				SUPPORTS_MACCATALYST = NO;
				SUPPORTS_MAC_DESIGNED_FOR_IPHONE_IPAD = NO;
				SUPPORTS_XR_DESIGNED_FOR_IPHONE_IPAD = NO;
				SWIFT_EMIT_LOC_STRINGS = YES;
				SWIFT_VERSION = 5.0;
				TARGETED_DEVICE_FAMILY = 1;
			};
			name = Debug;
		};
		8EA517922C6DB0FD0029A356 /* Release */ = {
			isa = XCBuildConfiguration;
			buildSettings = {
				ASSETCATALOG_COMPILER_APPICON_NAME = AppIcon;
				ASSETCATALOG_COMPILER_GLOBAL_ACCENT_COLOR_NAME = AccentColor;
				CODE_SIGN_STYLE = Automatic;
				CURRENT_PROJECT_VERSION = 1;
				DEVELOPMENT_TEAM = ASU4PNB5MG;
				GENERATE_INFOPLIST_FILE = YES;
				INFOPLIST_FILE = Coin/Resources/Info.plist;
				INFOPLIST_KEY_UIApplicationSupportsIndirectInputEvents = YES;
				INFOPLIST_KEY_UILaunchStoryboardName = LaunchScreen;
				INFOPLIST_KEY_UISupportedInterfaceOrientations = UIInterfaceOrientationPortrait;
				INFOPLIST_KEY_UISupportedInterfaceOrientations_iPad = "UIInterfaceOrientationLandscapeLeft UIInterfaceOrientationLandscapeRight UIInterfaceOrientationPortrait UIInterfaceOrientationPortraitUpsideDown";
				INFOPLIST_PREPROCESS = YES;
				LD_RUNPATH_SEARCH_PATHS = (
					"$(inherited)",
					"@executable_path/Frameworks",
				);
				MARKETING_VERSION = 1.0;
				PRODUCT_BUNDLE_IDENTIFIER = com.GeonSeobKim.Coin;
				PRODUCT_NAME = "$(TARGET_NAME)";
				SUPPORTED_PLATFORMS = "iphoneos iphonesimulator";
				SUPPORTS_MACCATALYST = NO;
				SUPPORTS_MAC_DESIGNED_FOR_IPHONE_IPAD = NO;
				SUPPORTS_XR_DESIGNED_FOR_IPHONE_IPAD = NO;
				SWIFT_EMIT_LOC_STRINGS = YES;
				SWIFT_VERSION = 5.0;
				TARGETED_DEVICE_FAMILY = 1;
			};
			name = Release;
		};
		BE98C0A82C6F57600058D3FA /* Debug */ = {
			isa = XCBuildConfiguration;
			baseConfigurationReference = 8EA5179B2C6DBBE90029A356 /* Secret.xcconfig */;
			buildSettings = {
				BUNDLE_LOADER = "$(TEST_HOST)";
				CODE_SIGN_STYLE = Automatic;
				CURRENT_PROJECT_VERSION = 1;
				DEVELOPMENT_TEAM = ASU4PNB5MG;
				GENERATE_INFOPLIST_FILE = YES;
				IPHONEOS_DEPLOYMENT_TARGET = 15.0;
				MARKETING_VERSION = 1.0;
				PRODUCT_BUNDLE_IDENTIFIER = com.geonseobkim.CoinTests;
				PRODUCT_NAME = "$(TARGET_NAME)";
				SUPPORTED_PLATFORMS = "iphoneos iphonesimulator";
				SUPPORTS_MACCATALYST = NO;
				SUPPORTS_MAC_DESIGNED_FOR_IPHONE_IPAD = NO;
				SUPPORTS_XR_DESIGNED_FOR_IPHONE_IPAD = NO;
				SWIFT_EMIT_LOC_STRINGS = NO;
				SWIFT_VERSION = 5.0;
				TARGETED_DEVICE_FAMILY = 1;
				TEST_HOST = "$(BUILT_PRODUCTS_DIR)/Coin.app/$(BUNDLE_EXECUTABLE_FOLDER_PATH)/Coin";
			};
			name = Debug;
		};
		BE98C0A92C6F57600058D3FA /* Release */ = {
			isa = XCBuildConfiguration;
			buildSettings = {
				BUNDLE_LOADER = "$(TEST_HOST)";
				CODE_SIGN_STYLE = Automatic;
				CURRENT_PROJECT_VERSION = 1;
				DEVELOPMENT_TEAM = ASU4PNB5MG;
				GENERATE_INFOPLIST_FILE = YES;
				IPHONEOS_DEPLOYMENT_TARGET = 15.0;
				MARKETING_VERSION = 1.0;
				PRODUCT_BUNDLE_IDENTIFIER = com.geonseobkim.CoinTests;
				PRODUCT_NAME = "$(TARGET_NAME)";
				SUPPORTED_PLATFORMS = "iphoneos iphonesimulator";
				SUPPORTS_MACCATALYST = NO;
				SUPPORTS_MAC_DESIGNED_FOR_IPHONE_IPAD = NO;
				SUPPORTS_XR_DESIGNED_FOR_IPHONE_IPAD = NO;
				SWIFT_EMIT_LOC_STRINGS = NO;
				SWIFT_VERSION = 5.0;
				TARGETED_DEVICE_FAMILY = 1;
				TEST_HOST = "$(BUILT_PRODUCTS_DIR)/Coin.app/$(BUNDLE_EXECUTABLE_FOLDER_PATH)/Coin";
			};
			name = Release;
		};
/* End XCBuildConfiguration section */

/* Begin XCConfigurationList section */
		8EA517772C6DB0FB0029A356 /* Build configuration list for PBXProject "Coin" */ = {
			isa = XCConfigurationList;
			buildConfigurations = (
				8EA5178E2C6DB0FD0029A356 /* Debug */,
				8EA5178F2C6DB0FD0029A356 /* Release */,
			);
			defaultConfigurationIsVisible = 0;
			defaultConfigurationName = Release;
		};
		8EA517902C6DB0FD0029A356 /* Build configuration list for PBXNativeTarget "Coin" */ = {
			isa = XCConfigurationList;
			buildConfigurations = (
				8EA517912C6DB0FD0029A356 /* Debug */,
				8EA517922C6DB0FD0029A356 /* Release */,
			);
			defaultConfigurationIsVisible = 0;
			defaultConfigurationName = Release;
		};
		BE98C0A72C6F57600058D3FA /* Build configuration list for PBXNativeTarget "CoinTests" */ = {
			isa = XCConfigurationList;
			buildConfigurations = (
				BE98C0A82C6F57600058D3FA /* Debug */,
				BE98C0A92C6F57600058D3FA /* Release */,
			);
			defaultConfigurationIsVisible = 0;
			defaultConfigurationName = Release;
		};
/* End XCConfigurationList section */

/* Begin XCRemoteSwiftPackageReference section */
		8EA5179F2C6DD04F0029A356 /* XCRemoteSwiftPackageReference "Moya" */ = {
			isa = XCRemoteSwiftPackageReference;
			repositoryURL = "https://github.com/Moya/Moya";
			requirement = {
				kind = upToNextMajorVersion;
				minimumVersion = 15.0.3;
			};
		};
		8EA517A22C6DDA680029A356 /* XCRemoteSwiftPackageReference "Kingfisher" */ = {
			isa = XCRemoteSwiftPackageReference;
			repositoryURL = "https://github.com/onevcat/Kingfisher";
			requirement = {
				kind = upToNextMajorVersion;
				minimumVersion = 7.12.0;
			};
		};
		8EA517A52C6DDAB50029A356 /* XCRemoteSwiftPackageReference "Neat" */ = {
			isa = XCRemoteSwiftPackageReference;
			repositoryURL = "https://github.com/gnksbm/Neat.git";
			requirement = {
				branch = main;
				kind = branch;
			};
		};
/* End XCRemoteSwiftPackageReference section */

/* Begin XCSwiftPackageProductDependency section */
		8EA517A02C6DD04F0029A356 /* RxMoya */ = {
			isa = XCSwiftPackageProductDependency;
			package = 8EA5179F2C6DD04F0029A356 /* XCRemoteSwiftPackageReference "Moya" */;
			productName = RxMoya;
		};
		8EA517A32C6DDA680029A356 /* Kingfisher */ = {
			isa = XCSwiftPackageProductDependency;
			package = 8EA517A22C6DDA680029A356 /* XCRemoteSwiftPackageReference "Kingfisher" */;
			productName = Kingfisher;
		};
		8EA517A62C6DDAB50029A356 /* Neat */ = {
			isa = XCSwiftPackageProductDependency;
			package = 8EA517A52C6DDAB50029A356 /* XCRemoteSwiftPackageReference "Neat" */;
			productName = Neat;
		};
/* End XCSwiftPackageProductDependency section */
	};
	rootObject = 8EA517742C6DB0FB0029A356 /* Project object */;
}
