// !$*UTF8*$!
{
	archiveVersion = 1;
	classes = {
	};
	objectVersion = 60;
	objects = {

/* Begin PBXBuildFile section */
		8E634C532C7F927F006115E9 /* LargeButton.swift in Sources */ = {isa = PBXBuildFile; fileRef = 8E634C522C7F927F006115E9 /* LargeButton.swift */; };
		8E7233362C81C09D00760D53 /* PostDetailCommentTVCell.swift in Sources */ = {isa = PBXBuildFile; fileRef = 8E7233352C81C09D00760D53 /* PostDetailCommentTVCell.swift */; };
		8E792A6F2C7C7671009142D3 /* Data in Frameworks */ = {isa = PBXBuildFile; productRef = 8E792A6E2C7C7671009142D3 /* Data */; };
		8E792A752C7F3F74009142D3 /* CryptoPostViewModel.swift in Sources */ = {isa = PBXBuildFile; fileRef = 8E792A742C7F3F74009142D3 /* CryptoPostViewModel.swift */; };
		8E792A782C7F8486009142D3 /* CryptoPostHeaderView.swift in Sources */ = {isa = PBXBuildFile; fileRef = 8E792A772C7F8486009142D3 /* CryptoPostHeaderView.swift */; };
		8E792A7B2C7F8D10009142D3 /* AddPostViewController.swift in Sources */ = {isa = PBXBuildFile; fileRef = 8E792A7A2C7F8D10009142D3 /* AddPostViewController.swift */; };
		8E792A7D2C7F8D32009142D3 /* AddPostViewModel.swift in Sources */ = {isa = PBXBuildFile; fileRef = 8E792A7C2C7F8D32009142D3 /* AddPostViewModel.swift */; };
		8EA517802C6DB0FB0029A356 /* AppDelegate.swift in Sources */ = {isa = PBXBuildFile; fileRef = 8EA5177F2C6DB0FB0029A356 /* AppDelegate.swift */; };
		8EA517822C6DB0FB0029A356 /* SceneDelegate.swift in Sources */ = {isa = PBXBuildFile; fileRef = 8EA517812C6DB0FB0029A356 /* SceneDelegate.swift */; };
		8EA517842C6DB0FB0029A356 /* CryptoPostViewController.swift in Sources */ = {isa = PBXBuildFile; fileRef = 8EA517832C6DB0FB0029A356 /* CryptoPostViewController.swift */; };
		8EA517892C6DB0FD0029A356 /* Assets.xcassets in Resources */ = {isa = PBXBuildFile; fileRef = 8EA517882C6DB0FD0029A356 /* Assets.xcassets */; };
		8EA5178C2C6DB0FD0029A356 /* Base in Resources */ = {isa = PBXBuildFile; fileRef = 8EA5178B2C6DB0FD0029A356 /* Base */; };
		8EA517982C6DB99E0029A356 /* .gitignore in Resources */ = {isa = PBXBuildFile; fileRef = 8EA517972C6DB99E0029A356 /* .gitignore */; };
		8EA5179A2C6DBA550029A356 /* .gitmessage.txt in Resources */ = {isa = PBXBuildFile; fileRef = 8EA517992C6DBA550029A356 /* .gitmessage.txt */; };
		8EB506252C816B0B00AA060D /* LoginViewController.swift in Sources */ = {isa = PBXBuildFile; fileRef = 8EB506242C816B0B00AA060D /* LoginViewController.swift */; };
		8EB506272C816C8600AA060D /* LoginViewModel.swift in Sources */ = {isa = PBXBuildFile; fileRef = 8EB506262C816C8600AA060D /* LoginViewModel.swift */; };
		8EB5062A2C81917C00AA060D /* PostDetailTableView.swift in Sources */ = {isa = PBXBuildFile; fileRef = 8EB506292C81917C00AA060D /* PostDetailTableView.swift */; };
		8EB5062C2C8191C000AA060D /* PostDetailPostTVCell.swift in Sources */ = {isa = PBXBuildFile; fileRef = 8EB5062B2C8191C000AA060D /* PostDetailPostTVCell.swift */; };
		8ED3DE982C761BDD00126BD4 /* AppDelegate+Register.swift in Sources */ = {isa = PBXBuildFile; fileRef = 8ED3DE972C761BDD00126BD4 /* AppDelegate+Register.swift */; };
		BEC0940B2C8051D3008AA991 /* CryptoPostTVCell.swift in Sources */ = {isa = PBXBuildFile; fileRef = BEC0940A2C8051D3008AA991 /* CryptoPostTVCell.swift */; };
		BEC0940D2C805BF9008AA991 /* CryptoPostTableView.swift in Sources */ = {isa = PBXBuildFile; fileRef = BEC0940C2C805BF8008AA991 /* CryptoPostTableView.swift */; };
		BEC094112C806982008AA991 /* PostDetailViewController.swift in Sources */ = {isa = PBXBuildFile; fileRef = BEC094102C806982008AA991 /* PostDetailViewController.swift */; };
		BEC094132C808DFC008AA991 /* PostDetailViewModel.swift in Sources */ = {isa = PBXBuildFile; fileRef = BEC094122C808DFC008AA991 /* PostDetailViewModel.swift */; };
/* End PBXBuildFile section */

/* Begin PBXCopyFilesBuildPhase section */
		BE98C0C72C70B4760058D3FA /* Embed Frameworks */ = {
			isa = PBXCopyFilesBuildPhase;
			buildActionMask = 2147483647;
			dstPath = "";
			dstSubfolderSpec = 10;
			files = (
			);
			name = "Embed Frameworks";
			runOnlyForDeploymentPostprocessing = 0;
		};
/* End PBXCopyFilesBuildPhase section */

/* Begin PBXFileReference section */
		8E634C522C7F927F006115E9 /* LargeButton.swift */ = {isa = PBXFileReference; lastKnownFileType = sourcecode.swift; path = LargeButton.swift; sourceTree = "<group>"; };
		8E7233352C81C09D00760D53 /* PostDetailCommentTVCell.swift */ = {isa = PBXFileReference; lastKnownFileType = sourcecode.swift; path = PostDetailCommentTVCell.swift; sourceTree = "<group>"; };
		8E792A742C7F3F74009142D3 /* CryptoPostViewModel.swift */ = {isa = PBXFileReference; lastKnownFileType = sourcecode.swift; path = CryptoPostViewModel.swift; sourceTree = "<group>"; };
		8E792A772C7F8486009142D3 /* CryptoPostHeaderView.swift */ = {isa = PBXFileReference; lastKnownFileType = sourcecode.swift; path = CryptoPostHeaderView.swift; sourceTree = "<group>"; };
		8E792A7A2C7F8D10009142D3 /* AddPostViewController.swift */ = {isa = PBXFileReference; lastKnownFileType = sourcecode.swift; path = AddPostViewController.swift; sourceTree = "<group>"; };
		8E792A7C2C7F8D32009142D3 /* AddPostViewModel.swift */ = {isa = PBXFileReference; lastKnownFileType = sourcecode.swift; path = AddPostViewModel.swift; sourceTree = "<group>"; };
		8EA5177C2C6DB0FB0029A356 /* Coin.app */ = {isa = PBXFileReference; explicitFileType = wrapper.application; includeInIndex = 0; path = Coin.app; sourceTree = BUILT_PRODUCTS_DIR; };
		8EA5177F2C6DB0FB0029A356 /* AppDelegate.swift */ = {isa = PBXFileReference; lastKnownFileType = sourcecode.swift; path = AppDelegate.swift; sourceTree = "<group>"; };
		8EA517812C6DB0FB0029A356 /* SceneDelegate.swift */ = {isa = PBXFileReference; lastKnownFileType = sourcecode.swift; path = SceneDelegate.swift; sourceTree = "<group>"; };
		8EA517832C6DB0FB0029A356 /* CryptoPostViewController.swift */ = {isa = PBXFileReference; lastKnownFileType = sourcecode.swift; path = CryptoPostViewController.swift; sourceTree = "<group>"; };
		8EA517882C6DB0FD0029A356 /* Assets.xcassets */ = {isa = PBXFileReference; lastKnownFileType = folder.assetcatalog; path = Assets.xcassets; sourceTree = "<group>"; };
		8EA5178B2C6DB0FD0029A356 /* Base */ = {isa = PBXFileReference; lastKnownFileType = file.storyboard; name = Base; path = Base.lproj/LaunchScreen.storyboard; sourceTree = "<group>"; };
		8EA5178D2C6DB0FD0029A356 /* Info.plist */ = {isa = PBXFileReference; lastKnownFileType = text.plist.xml; path = Info.plist; sourceTree = "<group>"; };
		8EA517972C6DB99E0029A356 /* .gitignore */ = {isa = PBXFileReference; lastKnownFileType = text; path = .gitignore; sourceTree = "<group>"; };
		8EA517992C6DBA550029A356 /* .gitmessage.txt */ = {isa = PBXFileReference; lastKnownFileType = text; path = .gitmessage.txt; sourceTree = "<group>"; };
		8EA5179B2C6DBBE90029A356 /* Secret.xcconfig */ = {isa = PBXFileReference; lastKnownFileType = text.xcconfig; path = Secret.xcconfig; sourceTree = "<group>"; };
		8EB506242C816B0B00AA060D /* LoginViewController.swift */ = {isa = PBXFileReference; lastKnownFileType = sourcecode.swift; path = LoginViewController.swift; sourceTree = "<group>"; };
		8EB506262C816C8600AA060D /* LoginViewModel.swift */ = {isa = PBXFileReference; lastKnownFileType = sourcecode.swift; path = LoginViewModel.swift; sourceTree = "<group>"; };
		8EB506292C81917C00AA060D /* PostDetailTableView.swift */ = {isa = PBXFileReference; lastKnownFileType = sourcecode.swift; path = PostDetailTableView.swift; sourceTree = "<group>"; };
		8EB5062B2C8191C000AA060D /* PostDetailPostTVCell.swift */ = {isa = PBXFileReference; lastKnownFileType = sourcecode.swift; path = PostDetailPostTVCell.swift; sourceTree = "<group>"; };
		8ED3DE972C761BDD00126BD4 /* AppDelegate+Register.swift */ = {isa = PBXFileReference; lastKnownFileType = sourcecode.swift; path = "AppDelegate+Register.swift"; sourceTree = "<group>"; };
		BEC0940A2C8051D3008AA991 /* CryptoPostTVCell.swift */ = {isa = PBXFileReference; lastKnownFileType = sourcecode.swift; path = CryptoPostTVCell.swift; sourceTree = "<group>"; };
		BEC0940C2C805BF8008AA991 /* CryptoPostTableView.swift */ = {isa = PBXFileReference; fileEncoding = 4; lastKnownFileType = sourcecode.swift; path = CryptoPostTableView.swift; sourceTree = "<group>"; };
		BEC094102C806982008AA991 /* PostDetailViewController.swift */ = {isa = PBXFileReference; lastKnownFileType = sourcecode.swift; path = PostDetailViewController.swift; sourceTree = "<group>"; };
		BEC094122C808DFC008AA991 /* PostDetailViewModel.swift */ = {isa = PBXFileReference; lastKnownFileType = sourcecode.swift; path = PostDetailViewModel.swift; sourceTree = "<group>"; };
/* End PBXFileReference section */

/* Begin PBXFrameworksBuildPhase section */
		8EA517792C6DB0FB0029A356 /* Frameworks */ = {
			isa = PBXFrameworksBuildPhase;
			buildActionMask = 2147483647;
			files = (
				8E792A6F2C7C7671009142D3 /* Data in Frameworks */,
			);
			runOnlyForDeploymentPostprocessing = 0;
		};
/* End PBXFrameworksBuildPhase section */

/* Begin PBXGroup section */
		8E634C512C7F926E006115E9 /* Custom */ = {
			isa = PBXGroup;
			children = (
				8E634C522C7F927F006115E9 /* LargeButton.swift */,
			);
			path = Custom;
			sourceTree = "<group>";
		};
		8E792A732C7F3F6D009142D3 /* CryptoPost */ = {
			isa = PBXGroup;
			children = (
				8EA517832C6DB0FB0029A356 /* CryptoPostViewController.swift */,
				8E792A742C7F3F74009142D3 /* CryptoPostViewModel.swift */,
				8E792A762C7F8483009142D3 /* View */,
			);
			path = CryptoPost;
			sourceTree = "<group>";
		};
		8E792A762C7F8483009142D3 /* View */ = {
			isa = PBXGroup;
			children = (
				8E792A772C7F8486009142D3 /* CryptoPostHeaderView.swift */,
				BEC0940C2C805BF8008AA991 /* CryptoPostTableView.swift */,
				BEC0940A2C8051D3008AA991 /* CryptoPostTVCell.swift */,
			);
			path = View;
			sourceTree = "<group>";
		};
		8E792A792C7F8D06009142D3 /* AddPostViewController */ = {
			isa = PBXGroup;
			children = (
				8E792A7A2C7F8D10009142D3 /* AddPostViewController.swift */,
				8E792A7C2C7F8D32009142D3 /* AddPostViewModel.swift */,
			);
			path = AddPostViewController;
			sourceTree = "<group>";
		};
		8EA517732C6DB0FB0029A356 = {
			isa = PBXGroup;
			children = (
				8EA517972C6DB99E0029A356 /* .gitignore */,
				8EA517992C6DBA550029A356 /* .gitmessage.txt */,
				8EA5177E2C6DB0FB0029A356 /* Coin */,
				8EA5177D2C6DB0FB0029A356 /* Products */,
			);
			sourceTree = "<group>";
		};
		8EA5177D2C6DB0FB0029A356 /* Products */ = {
			isa = PBXGroup;
			children = (
				8EA5177C2C6DB0FB0029A356 /* Coin.app */,
			);
			name = Products;
			sourceTree = "<group>";
		};
		8EA5177E2C6DB0FB0029A356 /* Coin */ = {
			isa = PBXGroup;
			children = (
				8EA517942C6DB7A00029A356 /* Resources */,
				8EA517932C6DB79C0029A356 /* Sources */,
			);
			path = Coin;
			sourceTree = "<group>";
		};
		8EA517932C6DB79C0029A356 /* Sources */ = {
			isa = PBXGroup;
			children = (
				8EA517952C6DB7D50029A356 /* App */,
				8EA517962C6DB7EB0029A356 /* Presentation */,
			);
			path = Sources;
			sourceTree = "<group>";
		};
		8EA517942C6DB7A00029A356 /* Resources */ = {
			isa = PBXGroup;
			children = (
				8EA517882C6DB0FD0029A356 /* Assets.xcassets */,
				8EA5178A2C6DB0FD0029A356 /* LaunchScreen.storyboard */,
				8EA5178D2C6DB0FD0029A356 /* Info.plist */,
				8EA5179B2C6DBBE90029A356 /* Secret.xcconfig */,
			);
			path = Resources;
			sourceTree = "<group>";
		};
		8EA517952C6DB7D50029A356 /* App */ = {
			isa = PBXGroup;
			children = (
				8EA5177F2C6DB0FB0029A356 /* AppDelegate.swift */,
				8EA517812C6DB0FB0029A356 /* SceneDelegate.swift */,
				8ED3DE972C761BDD00126BD4 /* AppDelegate+Register.swift */,
			);
			path = App;
			sourceTree = "<group>";
		};
		8EA517962C6DB7EB0029A356 /* Presentation */ = {
			isa = PBXGroup;
			children = (
				8EB506232C816B0500AA060D /* Login */,
				BEC0940E2C806309008AA991 /* Post */,
				8E634C512C7F926E006115E9 /* Custom */,
			);
			path = Presentation;
			sourceTree = "<group>";
		};
		8EB506232C816B0500AA060D /* Login */ = {
			isa = PBXGroup;
			children = (
				8EB506242C816B0B00AA060D /* LoginViewController.swift */,
				8EB506262C816C8600AA060D /* LoginViewModel.swift */,
			);
			path = Login;
			sourceTree = "<group>";
		};
		8EB506282C81905100AA060D /* View */ = {
			isa = PBXGroup;
			children = (
				8EB506292C81917C00AA060D /* PostDetailTableView.swift */,
				8EB5062B2C8191C000AA060D /* PostDetailPostTVCell.swift */,
				8E7233352C81C09D00760D53 /* PostDetailCommentTVCell.swift */,
			);
			path = View;
			sourceTree = "<group>";
		};
		BEC0940E2C806309008AA991 /* Post */ = {
			isa = PBXGroup;
			children = (
				BEC0940F2C806820008AA991 /* PostDetail */,
				8E792A792C7F8D06009142D3 /* AddPostViewController */,
				8E792A732C7F3F6D009142D3 /* CryptoPost */,
			);
			path = Post;
			sourceTree = "<group>";
		};
		BEC0940F2C806820008AA991 /* PostDetail */ = {
			isa = PBXGroup;
			children = (
				BEC094102C806982008AA991 /* PostDetailViewController.swift */,
				BEC094122C808DFC008AA991 /* PostDetailViewModel.swift */,
				8EB506282C81905100AA060D /* View */,
			);
			path = PostDetail;
			sourceTree = "<group>";
		};
/* End PBXGroup section */

/* Begin PBXNativeTarget section */
		8EA5177B2C6DB0FB0029A356 /* Coin */ = {
			isa = PBXNativeTarget;
			buildConfigurationList = 8EA517902C6DB0FD0029A356 /* Build configuration list for PBXNativeTarget "Coin" */;
			buildPhases = (
				8EA517782C6DB0FB0029A356 /* Sources */,
				8EA517792C6DB0FB0029A356 /* Frameworks */,
				8EA5177A2C6DB0FB0029A356 /* Resources */,
				BE98C0C72C70B4760058D3FA /* Embed Frameworks */,
			);
			buildRules = (
			);
			dependencies = (
			);
			name = Coin;
			packageProductDependencies = (
				8E792A6E2C7C7671009142D3 /* Data */,
			);
			productName = Coin;
			productReference = 8EA5177C2C6DB0FB0029A356 /* Coin.app */;
			productType = "com.apple.product-type.application";
		};
/* End PBXNativeTarget section */

/* Begin PBXProject section */
		8EA517742C6DB0FB0029A356 /* Project object */ = {
			isa = PBXProject;
			attributes = {
				BuildIndependentTargetsInParallel = 1;
				LastSwiftUpdateCheck = 1540;
				LastUpgradeCheck = 1530;
				TargetAttributes = {
					8EA5177B2C6DB0FB0029A356 = {
						CreatedOnToolsVersion = 15.3;
					};
				};
			};
			buildConfigurationList = 8EA517772C6DB0FB0029A356 /* Build configuration list for PBXProject "Coin" */;
			compatibilityVersion = "Xcode 14.0";
			developmentRegion = en;
			hasScannedForEncodings = 0;
			knownRegions = (
				en,
				Base,
			);
			mainGroup = 8EA517732C6DB0FB0029A356;
			packageReferences = (
				8E792A6D2C7C7671009142D3 /* XCLocalSwiftPackageReference "Package/Data" */,
			);
			productRefGroup = 8EA5177D2C6DB0FB0029A356 /* Products */;
			projectDirPath = "";
			projectRoot = "";
			targets = (
				8EA5177B2C6DB0FB0029A356 /* Coin */,
			);
		};
/* End PBXProject section */

/* Begin PBXResourcesBuildPhase section */
		8EA5177A2C6DB0FB0029A356 /* Resources */ = {
			isa = PBXResourcesBuildPhase;
			buildActionMask = 2147483647;
			files = (
				8EA5179A2C6DBA550029A356 /* .gitmessage.txt in Resources */,
				8EA517892C6DB0FD0029A356 /* Assets.xcassets in Resources */,
				8EA517982C6DB99E0029A356 /* .gitignore in Resources */,
				8EA5178C2C6DB0FD0029A356 /* Base in Resources */,
			);
			runOnlyForDeploymentPostprocessing = 0;
		};
/* End PBXResourcesBuildPhase section */

/* Begin PBXSourcesBuildPhase section */
		8EA517782C6DB0FB0029A356 /* Sources */ = {
			isa = PBXSourcesBuildPhase;
			buildActionMask = 2147483647;
			files = (
				8EB5062A2C81917C00AA060D /* PostDetailTableView.swift in Sources */,
				8EB5062C2C8191C000AA060D /* PostDetailPostTVCell.swift in Sources */,
				8EB506252C816B0B00AA060D /* LoginViewController.swift in Sources */,
				8EA517842C6DB0FB0029A356 /* CryptoPostViewController.swift in Sources */,
				BEC094112C806982008AA991 /* PostDetailViewController.swift in Sources */,
				8EA517802C6DB0FB0029A356 /* AppDelegate.swift in Sources */,
				BEC0940B2C8051D3008AA991 /* CryptoPostTVCell.swift in Sources */,
				BEC094132C808DFC008AA991 /* PostDetailViewModel.swift in Sources */,
				8E792A782C7F8486009142D3 /* CryptoPostHeaderView.swift in Sources */,
				8EA517822C6DB0FB0029A356 /* SceneDelegate.swift in Sources */,
				8EB506272C816C8600AA060D /* LoginViewModel.swift in Sources */,
				BEC0940D2C805BF9008AA991 /* CryptoPostTableView.swift in Sources */,
				8E792A7D2C7F8D32009142D3 /* AddPostViewModel.swift in Sources */,
				8ED3DE982C761BDD00126BD4 /* AppDelegate+Register.swift in Sources */,
				8E7233362C81C09D00760D53 /* PostDetailCommentTVCell.swift in Sources */,
				8E792A752C7F3F74009142D3 /* CryptoPostViewModel.swift in Sources */,
				8E792A7B2C7F8D10009142D3 /* AddPostViewController.swift in Sources */,
				8E634C532C7F927F006115E9 /* LargeButton.swift in Sources */,
			);
			runOnlyForDeploymentPostprocessing = 0;
		};
/* End PBXSourcesBuildPhase section */

/* Begin PBXVariantGroup section */
		8EA5178A2C6DB0FD0029A356 /* LaunchScreen.storyboard */ = {
			isa = PBXVariantGroup;
			children = (
				8EA5178B2C6DB0FD0029A356 /* Base */,
			);
			name = LaunchScreen.storyboard;
			sourceTree = "<group>";
		};
/* End PBXVariantGroup section */

/* Begin XCBuildConfiguration section */
		8EA5178E2C6DB0FD0029A356 /* Debug */ = {
			isa = XCBuildConfiguration;
			baseConfigurationReference = 8EA5179B2C6DBBE90029A356 /* Secret.xcconfig */;
			buildSettings = {
				ALWAYS_SEARCH_USER_PATHS = NO;
				ASSETCATALOG_COMPILER_GENERATE_SWIFT_ASSET_SYMBOL_EXTENSIONS = YES;
				CLANG_ANALYZER_NONNULL = YES;
				CLANG_ANALYZER_NUMBER_OBJECT_CONVERSION = YES_AGGRESSIVE;
				CLANG_CXX_LANGUAGE_STANDARD = "gnu++20";
				CLANG_ENABLE_MODULES = YES;
				CLANG_ENABLE_OBJC_ARC = YES;
				CLANG_ENABLE_OBJC_WEAK = YES;
				CLANG_WARN_BLOCK_CAPTURE_AUTORELEASING = YES;
				CLANG_WARN_BOOL_CONVERSION = YES;
				CLANG_WARN_COMMA = YES;
				CLANG_WARN_CONSTANT_CONVERSION = YES;
				CLANG_WARN_DEPRECATED_OBJC_IMPLEMENTATIONS = YES;
				CLANG_WARN_DIRECT_OBJC_ISA_USAGE = YES_ERROR;
				CLANG_WARN_DOCUMENTATION_COMMENTS = YES;
				CLANG_WARN_EMPTY_BODY = YES;
				CLANG_WARN_ENUM_CONVERSION = YES;
				CLANG_WARN_INFINITE_RECURSION = YES;
				CLANG_WARN_INT_CONVERSION = YES;
				CLANG_WARN_NON_LITERAL_NULL_CONVERSION = YES;
				CLANG_WARN_OBJC_IMPLICIT_RETAIN_SELF = YES;
				CLANG_WARN_OBJC_LITERAL_CONVERSION = YES;
				CLANG_WARN_OBJC_ROOT_CLASS = YES_ERROR;
				CLANG_WARN_QUOTED_INCLUDE_IN_FRAMEWORK_HEADER = YES;
				CLANG_WARN_RANGE_LOOP_ANALYSIS = YES;
				CLANG_WARN_STRICT_PROTOTYPES = YES;
				CLANG_WARN_SUSPICIOUS_MOVE = YES;
				CLANG_WARN_UNGUARDED_AVAILABILITY = YES_AGGRESSIVE;
				CLANG_WARN_UNREACHABLE_CODE = YES;
				CLANG_WARN__DUPLICATE_METHOD_MATCH = YES;
				COPY_PHASE_STRIP = NO;
				DEBUG_INFORMATION_FORMAT = dwarf;
				ENABLE_STRICT_OBJC_MSGSEND = YES;
				ENABLE_TESTABILITY = YES;
				ENABLE_USER_SCRIPT_SANDBOXING = YES;
				GCC_C_LANGUAGE_STANDARD = gnu17;
				GCC_DYNAMIC_NO_PIC = NO;
				GCC_NO_COMMON_BLOCKS = YES;
				GCC_OPTIMIZATION_LEVEL = 0;
				GCC_PREPROCESSOR_DEFINITIONS = (
					"DEBUG=1",
					"$(inherited)",
				);
				GCC_WARN_64_TO_32_BIT_CONVERSION = YES;
				GCC_WARN_ABOUT_RETURN_TYPE = YES_ERROR;
				GCC_WARN_UNDECLARED_SELECTOR = YES;
				GCC_WARN_UNINITIALIZED_AUTOS = YES_AGGRESSIVE;
				GCC_WARN_UNUSED_FUNCTION = YES;
				GCC_WARN_UNUSED_VARIABLE = YES;
				IPHONEOS_DEPLOYMENT_TARGET = 15.0;
				LOCALIZATION_PREFERS_STRING_CATALOGS = YES;
				MTL_ENABLE_DEBUG_INFO = INCLUDE_SOURCE;
				MTL_FAST_MATH = YES;
				ONLY_ACTIVE_ARCH = YES;
				OTHER_LDFLAGS = "";
				SDKROOT = iphoneos;
				SWIFT_ACTIVE_COMPILATION_CONDITIONS = "DEBUG $(inherited)";
				SWIFT_OPTIMIZATION_LEVEL = "-Onone";
			};
			name = Debug;
		};
		8EA5178F2C6DB0FD0029A356 /* Release */ = {
			isa = XCBuildConfiguration;
			buildSettings = {
				ALWAYS_SEARCH_USER_PATHS = NO;
				ASSETCATALOG_COMPILER_GENERATE_SWIFT_ASSET_SYMBOL_EXTENSIONS = YES;
				CLANG_ANALYZER_NONNULL = YES;
				CLANG_ANALYZER_NUMBER_OBJECT_CONVERSION = YES_AGGRESSIVE;
				CLANG_CXX_LANGUAGE_STANDARD = "gnu++20";
				CLANG_ENABLE_MODULES = YES;
				CLANG_ENABLE_OBJC_ARC = YES;
				CLANG_ENABLE_OBJC_WEAK = YES;
				CLANG_WARN_BLOCK_CAPTURE_AUTORELEASING = YES;
				CLANG_WARN_BOOL_CONVERSION = YES;
				CLANG_WARN_COMMA = YES;
				CLANG_WARN_CONSTANT_CONVERSION = YES;
				CLANG_WARN_DEPRECATED_OBJC_IMPLEMENTATIONS = YES;
				CLANG_WARN_DIRECT_OBJC_ISA_USAGE = YES_ERROR;
				CLANG_WARN_DOCUMENTATION_COMMENTS = YES;
				CLANG_WARN_EMPTY_BODY = YES;
				CLANG_WARN_ENUM_CONVERSION = YES;
				CLANG_WARN_INFINITE_RECURSION = YES;
				CLANG_WARN_INT_CONVERSION = YES;
				CLANG_WARN_NON_LITERAL_NULL_CONVERSION = YES;
				CLANG_WARN_OBJC_IMPLICIT_RETAIN_SELF = YES;
				CLANG_WARN_OBJC_LITERAL_CONVERSION = YES;
				CLANG_WARN_OBJC_ROOT_CLASS = YES_ERROR;
				CLANG_WARN_QUOTED_INCLUDE_IN_FRAMEWORK_HEADER = YES;
				CLANG_WARN_RANGE_LOOP_ANALYSIS = YES;
				CLANG_WARN_STRICT_PROTOTYPES = YES;
				CLANG_WARN_SUSPICIOUS_MOVE = YES;
				CLANG_WARN_UNGUARDED_AVAILABILITY = YES_AGGRESSIVE;
				CLANG_WARN_UNREACHABLE_CODE = YES;
				CLANG_WARN__DUPLICATE_METHOD_MATCH = YES;
				COPY_PHASE_STRIP = NO;
				DEBUG_INFORMATION_FORMAT = "dwarf-with-dsym";
				ENABLE_NS_ASSERTIONS = NO;
				ENABLE_STRICT_OBJC_MSGSEND = YES;
				ENABLE_USER_SCRIPT_SANDBOXING = YES;
				GCC_C_LANGUAGE_STANDARD = gnu17;
				GCC_NO_COMMON_BLOCKS = YES;
				GCC_WARN_64_TO_32_BIT_CONVERSION = YES;
				GCC_WARN_ABOUT_RETURN_TYPE = YES_ERROR;
				GCC_WARN_UNDECLARED_SELECTOR = YES;
				GCC_WARN_UNINITIALIZED_AUTOS = YES_AGGRESSIVE;
				GCC_WARN_UNUSED_FUNCTION = YES;
				GCC_WARN_UNUSED_VARIABLE = YES;
				IPHONEOS_DEPLOYMENT_TARGET = 15.0;
				LOCALIZATION_PREFERS_STRING_CATALOGS = YES;
				MTL_ENABLE_DEBUG_INFO = NO;
				MTL_FAST_MATH = YES;
				OTHER_LDFLAGS = "";
				SDKROOT = iphoneos;
				SWIFT_COMPILATION_MODE = wholemodule;
				VALIDATE_PRODUCT = YES;
			};
			name = Release;
		};
		8EA517912C6DB0FD0029A356 /* Debug */ = {
			isa = XCBuildConfiguration;
			baseConfigurationReference = 8EA5179B2C6DBBE90029A356 /* Secret.xcconfig */;
			buildSettings = {
				ASSETCATALOG_COMPILER_APPICON_NAME = AppIcon;
				ASSETCATALOG_COMPILER_GLOBAL_ACCENT_COLOR_NAME = AccentColor;
				CODE_SIGN_STYLE = Automatic;
				CURRENT_PROJECT_VERSION = 1;
				DEVELOPMENT_TEAM = ASU4PNB5MG;
				GENERATE_INFOPLIST_FILE = YES;
				INFOPLIST_FILE = Coin/Resources/Info.plist;
				INFOPLIST_KEY_UIApplicationSupportsIndirectInputEvents = YES;
				INFOPLIST_KEY_UILaunchStoryboardName = LaunchScreen;
				INFOPLIST_KEY_UISupportedInterfaceOrientations = UIInterfaceOrientationPortrait;
				INFOPLIST_KEY_UISupportedInterfaceOrientations_iPad = "UIInterfaceOrientationLandscapeLeft UIInterfaceOrientationLandscapeRight UIInterfaceOrientationPortrait UIInterfaceOrientationPortraitUpsideDown";
				INFOPLIST_PREPROCESS = YES;
				LD_RUNPATH_SEARCH_PATHS = (
					"$(inherited)",
					"@executable_path/Frameworks",
				);
				MARKETING_VERSION = 1.0;
				PRODUCT_BUNDLE_IDENTIFIER = com.GeonSeobKim.Coin;
				PRODUCT_NAME = "$(TARGET_NAME)";
				SUPPORTED_PLATFORMS = "iphoneos iphonesimulator";
				SUPPORTS_MACCATALYST = NO;
				SUPPORTS_MAC_DESIGNED_FOR_IPHONE_IPAD = NO;
				SUPPORTS_XR_DESIGNED_FOR_IPHONE_IPAD = NO;
				SWIFT_EMIT_LOC_STRINGS = YES;
				SWIFT_VERSION = 5.0;
				TARGETED_DEVICE_FAMILY = 1;
			};
			name = Debug;
		};
		8EA517922C6DB0FD0029A356 /* Release */ = {
			isa = XCBuildConfiguration;
			buildSettings = {
				ASSETCATALOG_COMPILER_APPICON_NAME = AppIcon;
				ASSETCATALOG_COMPILER_GLOBAL_ACCENT_COLOR_NAME = AccentColor;
				CODE_SIGN_STYLE = Automatic;
				CURRENT_PROJECT_VERSION = 1;
				DEVELOPMENT_TEAM = ASU4PNB5MG;
				GENERATE_INFOPLIST_FILE = YES;
				INFOPLIST_FILE = Coin/Resources/Info.plist;
				INFOPLIST_KEY_UIApplicationSupportsIndirectInputEvents = YES;
				INFOPLIST_KEY_UILaunchStoryboardName = LaunchScreen;
				INFOPLIST_KEY_UISupportedInterfaceOrientations = UIInterfaceOrientationPortrait;
				INFOPLIST_KEY_UISupportedInterfaceOrientations_iPad = "UIInterfaceOrientationLandscapeLeft UIInterfaceOrientationLandscapeRight UIInterfaceOrientationPortrait UIInterfaceOrientationPortraitUpsideDown";
				INFOPLIST_PREPROCESS = YES;
				LD_RUNPATH_SEARCH_PATHS = (
					"$(inherited)",
					"@executable_path/Frameworks",
				);
				MARKETING_VERSION = 1.0;
				PRODUCT_BUNDLE_IDENTIFIER = com.GeonSeobKim.Coin;
				PRODUCT_NAME = "$(TARGET_NAME)";
				SUPPORTED_PLATFORMS = "iphoneos iphonesimulator";
				SUPPORTS_MACCATALYST = NO;
				SUPPORTS_MAC_DESIGNED_FOR_IPHONE_IPAD = NO;
				SUPPORTS_XR_DESIGNED_FOR_IPHONE_IPAD = NO;
				SWIFT_EMIT_LOC_STRINGS = YES;
				SWIFT_VERSION = 5.0;
				TARGETED_DEVICE_FAMILY = 1;
			};
			name = Release;
		};
/* End XCBuildConfiguration section */

/* Begin XCConfigurationList section */
		8EA517772C6DB0FB0029A356 /* Build configuration list for PBXProject "Coin" */ = {
			isa = XCConfigurationList;
			buildConfigurations = (
				8EA5178E2C6DB0FD0029A356 /* Debug */,
				8EA5178F2C6DB0FD0029A356 /* Release */,
			);
			defaultConfigurationIsVisible = 0;
			defaultConfigurationName = Release;
		};
		8EA517902C6DB0FD0029A356 /* Build configuration list for PBXNativeTarget "Coin" */ = {
			isa = XCConfigurationList;
			buildConfigurations = (
				8EA517912C6DB0FD0029A356 /* Debug */,
				8EA517922C6DB0FD0029A356 /* Release */,
			);
			defaultConfigurationIsVisible = 0;
			defaultConfigurationName = Release;
		};
/* End XCConfigurationList section */

/* Begin XCLocalSwiftPackageReference section */
		8E792A6D2C7C7671009142D3 /* XCLocalSwiftPackageReference "Package/Data" */ = {
			isa = XCLocalSwiftPackageReference;
			relativePath = Package/Data;
		};
/* End XCLocalSwiftPackageReference section */

/* Begin XCSwiftPackageProductDependency section */
		8E792A6E2C7C7671009142D3 /* Data */ = {
			isa = XCSwiftPackageProductDependency;
			productName = Data;
		};
/* End XCSwiftPackageProductDependency section */
	};
	rootObject = 8EA517742C6DB0FB0029A356 /* Project object */;
}
